
Microsoft Visual Studio Solution File, Format Version 12.00
# Visual Studio 14
VisualStudioVersion = 14.0.25420.1
MinimumVisualStudioVersion = 10.0.40219.1
Project("{8BC9CEB8-8B4A-11D0-8D11-00A0C91BC942}") = "Intraday_trading_tax_calculator", "Intraday_trading_tax_calculator\Intraday_trading_tax_calculator.vcxproj", "{445F07E3-0CD2-49E2-AD81-E6F8A75B8464}"
EndProject
Project("{FAE04EC0-301F-11D3-BF4B-00C04F79EFBC}") = "Fetch_all_Co_data", "Fetch_all_Co_data\Fetch_all_Co_data.csproj", "{B126D5F4-AF26-4ADC-ABFB-BA9B184DEE43}"
EndProject
Project("{FAE04EC0-301F-11D3-BF4B-00C04F79EFBC}") = "Trading.Model", "Trading.Entity\Trading.Model.csproj", "{7E42264C-059B-41F5-9EC0-066B549849E3}"
EndProject
Project("{FAE04EC0-301F-11D3-BF4B-00C04F79EFBC}") = "Trading.DAL", "Trading.DAL\Trading.DAL.csproj", "{40873950-F410-493D-A602-1D9F62758568}"
EndProject
Project("{2150E333-8FDC-42A3-9474-1A3956D46DE8}") = "Engine", "Engine", "{775054FA-32D6-4F90-BB75-CCE644803AEA}"
EndProject
Project("{FAE04EC0-301F-11D3-BF4B-00C04F79EFBC}") = "Trade.Engine.Core", "Trade.Engine.Core\Trade.Engine.Core.csproj", "{E5F83E8F-8049-417A-A5B3-E481721E4F4C}"
EndProject
Project("{FAE04EC0-301F-11D3-BF4B-00C04F79EFBC}") = "Core0.library", "Core0.library\Core0.library.csproj", "{F6B750F1-AA0A-479C-B09C-DEBADC23EA7D}"
EndProject
Project("{2150E333-8FDC-42A3-9474-1A3956D46DE8}") = "Parsers", "Parsers", "{7FF6EB18-45D7-431A-98B0-7A1CB9663E4E}"
EndProject
Project("{2150E333-8FDC-42A3-9474-1A3956D46DE8}") = "Json", "Json", "{E1D241F9-CAAE-4F93-BBC1-AED7250390BD}"
EndProject
Project("{FAE04EC0-301F-11D3-BF4B-00C04F79EFBC}") = "Quandl.History", "Quandl.History\Quandl.History.csproj", "{7887EFFF-6070-43C7-AE0D-F7F14F3A4E89}"
EndProject
Project("{FAE04EC0-301F-11D3-BF4B-00C04F79EFBC}") = "Google", "Google\Google.csproj", "{5440D38B-6108-49C2-8A09-48817E731031}"
EndProject
Project("{FAE04EC0-301F-11D3-BF4B-00C04F79EFBC}") = "IExecuteOrder", "IExecuteOrder\IExecuteOrder.csproj", "{3F17908E-CE39-491E-80A7-58A212D3E82B}"
EndProject
Project("{2150E333-8FDC-42A3-9474-1A3956D46DE8}") = "Graphic_Interface", "Graphic_Interface", "{26412F98-3119-4C6F-9DF7-7029B9C4633B}"
EndProject
Project("{FAE04EC0-301F-11D3-BF4B-00C04F79EFBC}") = "MainForm", "GraphicsInterface\MainForm\MainForm.csproj", "{7FC45DC7-F7D3-408B-8150-F31BD800DC10}"
EndProject
Project("{2150E333-8FDC-42A3-9474-1A3956D46DE8}") = "LiveCharts", "LiveCharts", "{8EEA59DD-3477-4438-B9AF-691C5B4EC55A}"
EndProject
Project("{FAE04EC0-301F-11D3-BF4B-00C04F79EFBC}") = "Core", "GraphicsInterface\Live-Charts-master\Core\Core.csproj", "{D447642C-A85F-4AB0-96D9-C66CFF91AADA}"
EndProject
Project("{FAE04EC0-301F-11D3-BF4B-00C04F79EFBC}") = "Core40", "GraphicsInterface\Live-Charts-master\Core40\Core40.csproj", "{F261C3D7-6194-4625-9516-044081B06028}"
EndProject
Project("{FAE04EC0-301F-11D3-BF4B-00C04F79EFBC}") = "WinFormsView", "GraphicsInterface\Live-Charts-master\WinFormsView\WinFormsView.csproj", "{45E67C4F-88DF-4617-ACB1-B54C5DBF8390}"
EndProject
Project("{FAE04EC0-301F-11D3-BF4B-00C04F79EFBC}") = "WpfView", "GraphicsInterface\Live-Charts-master\WpfView\WpfView.csproj", "{4D253423-AE05-47F6-A59D-9162EC0BB1F2}"
EndProject
Project("{2150E333-8FDC-42A3-9474-1A3956D46DE8}") = "Examples", "Examples", "{C52E4B6B-4D01-4461-8C0E-E8B22DCAF9F2}"
EndProject
Project("{FAE04EC0-301F-11D3-BF4B-00C04F79EFBC}") = "MyChartIntegration", "GraphicsInterface\Live-Charts-master\Examples\MyChartIntegration\MyChartIntegration.csproj", "{C096B7FB-D0D0-49B8-8A77-180176BBC9B8}"
EndProject
Project("{2150E333-8FDC-42A3-9474-1A3956D46DE8}") = "FinanceManager", "FinanceManager", "{059F78E0-6869-4365-8444-DCEC17427F59}"
EndProject
Project("{FAE04EC0-301F-11D3-BF4B-00C04F79EFBC}") = "FinanceManagerLib", "FinanceManagerLib\FinanceManagerLib.csproj", "{EF739C4C-5F5D-42B7-BEB0-7AE0AEECC2A8}"
EndProject
Project("{FAE04EC0-301F-11D3-BF4B-00C04F79EFBC}") = "OrderManagment", "OrderManagment\OrderManagment.csproj", "{96C776C5-9F12-4A1C-99D5-144E468F8172}"
EndProject
Project("{FAE04EC0-301F-11D3-BF4B-00C04F79EFBC}") = "AlgoCollection", "AlgoCollection\AlgoCollection.csproj", "{3304850E-1BC6-4588-ABCE-666BF378E042}"
EndProject
Project("{2150E333-8FDC-42A3-9474-1A3956D46DE8}") = "Algorithms", "Algorithms", "{E0099C69-94C7-43F5-9F75-98FD25EC8FB0}"
EndProject
Project("{FAE04EC0-301F-11D3-BF4B-00C04F79EFBC}") = "TaxCalculator", "Formulas\TaxCalculator.csproj", "{4CD16D3A-D3F8-4439-8052-79FED0D5E174}"
EndProject
Global
	GlobalSection(SolutionConfigurationPlatforms) = preSolution
		arm|Any CPU = arm|Any CPU
		arm|Mixed Platforms = arm|Mixed Platforms
		arm|x64 = arm|x64
		arm|x86 = arm|x86
		Debug|Any CPU = Debug|Any CPU
		Debug|Mixed Platforms = Debug|Mixed Platforms
		Debug|x64 = Debug|x64
		Debug|x86 = Debug|x86
		r64|Any CPU = r64|Any CPU
		r64|Mixed Platforms = r64|Mixed Platforms
		r64|x64 = r64|x64
		r64|x86 = r64|x86
		r86|Any CPU = r86|Any CPU
		r86|Mixed Platforms = r86|Mixed Platforms
		r86|x64 = r86|x64
		r86|x86 = r86|x86
		Release|Any CPU = Release|Any CPU
		Release|Mixed Platforms = Release|Mixed Platforms
		Release|x64 = Release|x64
		Release|x86 = Release|x86
	EndGlobalSection
	GlobalSection(ProjectConfigurationPlatforms) = postSolution
		{445F07E3-0CD2-49E2-AD81-E6F8A75B8464}.arm|Any CPU.ActiveCfg = Release|x64
		{445F07E3-0CD2-49E2-AD81-E6F8A75B8464}.arm|Mixed Platforms.ActiveCfg = Release|Win32
		{445F07E3-0CD2-49E2-AD81-E6F8A75B8464}.arm|x64.ActiveCfg = Release|x64
		{445F07E3-0CD2-49E2-AD81-E6F8A75B8464}.arm|x86.ActiveCfg = Release|Win32
		{445F07E3-0CD2-49E2-AD81-E6F8A75B8464}.Debug|Any CPU.ActiveCfg = Debug|Win32
		{445F07E3-0CD2-49E2-AD81-E6F8A75B8464}.Debug|Mixed Platforms.ActiveCfg = Debug|Win32
		{445F07E3-0CD2-49E2-AD81-E6F8A75B8464}.Debug|Mixed Platforms.Build.0 = Debug|Win32
		{445F07E3-0CD2-49E2-AD81-E6F8A75B8464}.Debug|x64.ActiveCfg = Debug|x64
		{445F07E3-0CD2-49E2-AD81-E6F8A75B8464}.Debug|x64.Build.0 = Debug|x64
		{445F07E3-0CD2-49E2-AD81-E6F8A75B8464}.Debug|x86.ActiveCfg = Debug|Win32
		{445F07E3-0CD2-49E2-AD81-E6F8A75B8464}.Debug|x86.Build.0 = Debug|Win32
		{445F07E3-0CD2-49E2-AD81-E6F8A75B8464}.r64|Any CPU.ActiveCfg = Release|x64
		{445F07E3-0CD2-49E2-AD81-E6F8A75B8464}.r64|Mixed Platforms.ActiveCfg = Release|Win32
		{445F07E3-0CD2-49E2-AD81-E6F8A75B8464}.r64|x64.ActiveCfg = Release|x64
		{445F07E3-0CD2-49E2-AD81-E6F8A75B8464}.r64|x86.ActiveCfg = Release|Win32
		{445F07E3-0CD2-49E2-AD81-E6F8A75B8464}.r86|Any CPU.ActiveCfg = Release|x64
		{445F07E3-0CD2-49E2-AD81-E6F8A75B8464}.r86|Mixed Platforms.ActiveCfg = Release|Win32
		{445F07E3-0CD2-49E2-AD81-E6F8A75B8464}.r86|x64.ActiveCfg = Release|x64
		{445F07E3-0CD2-49E2-AD81-E6F8A75B8464}.r86|x86.ActiveCfg = Release|Win32
		{445F07E3-0CD2-49E2-AD81-E6F8A75B8464}.Release|Any CPU.ActiveCfg = Release|Win32
		{445F07E3-0CD2-49E2-AD81-E6F8A75B8464}.Release|Mixed Platforms.ActiveCfg = Release|Win32
		{445F07E3-0CD2-49E2-AD81-E6F8A75B8464}.Release|Mixed Platforms.Build.0 = Release|Win32
		{445F07E3-0CD2-49E2-AD81-E6F8A75B8464}.Release|x64.ActiveCfg = Release|x64
		{445F07E3-0CD2-49E2-AD81-E6F8A75B8464}.Release|x64.Build.0 = Release|x64
		{445F07E3-0CD2-49E2-AD81-E6F8A75B8464}.Release|x86.ActiveCfg = Release|Win32
		{445F07E3-0CD2-49E2-AD81-E6F8A75B8464}.Release|x86.Build.0 = Release|Win32
		{B126D5F4-AF26-4ADC-ABFB-BA9B184DEE43}.arm|Any CPU.ActiveCfg = Release|Any CPU
		{B126D5F4-AF26-4ADC-ABFB-BA9B184DEE43}.arm|Any CPU.Build.0 = Release|Any CPU
		{B126D5F4-AF26-4ADC-ABFB-BA9B184DEE43}.arm|Mixed Platforms.ActiveCfg = Release|Any CPU
		{B126D5F4-AF26-4ADC-ABFB-BA9B184DEE43}.arm|Mixed Platforms.Build.0 = Release|Any CPU
		{B126D5F4-AF26-4ADC-ABFB-BA9B184DEE43}.arm|x64.ActiveCfg = Release|Any CPU
		{B126D5F4-AF26-4ADC-ABFB-BA9B184DEE43}.arm|x64.Build.0 = Release|Any CPU
		{B126D5F4-AF26-4ADC-ABFB-BA9B184DEE43}.arm|x86.ActiveCfg = Release|Any CPU
		{B126D5F4-AF26-4ADC-ABFB-BA9B184DEE43}.arm|x86.Build.0 = Release|Any CPU
		{B126D5F4-AF26-4ADC-ABFB-BA9B184DEE43}.Debug|Any CPU.ActiveCfg = Debug|Any CPU
		{B126D5F4-AF26-4ADC-ABFB-BA9B184DEE43}.Debug|Any CPU.Build.0 = Debug|Any CPU
		{B126D5F4-AF26-4ADC-ABFB-BA9B184DEE43}.Debug|Mixed Platforms.ActiveCfg = Debug|Any CPU
		{B126D5F4-AF26-4ADC-ABFB-BA9B184DEE43}.Debug|Mixed Platforms.Build.0 = Debug|Any CPU
		{B126D5F4-AF26-4ADC-ABFB-BA9B184DEE43}.Debug|x64.ActiveCfg = Debug|Any CPU
		{B126D5F4-AF26-4ADC-ABFB-BA9B184DEE43}.Debug|x64.Build.0 = Debug|Any CPU
		{B126D5F4-AF26-4ADC-ABFB-BA9B184DEE43}.Debug|x86.ActiveCfg = Debug|Any CPU
		{B126D5F4-AF26-4ADC-ABFB-BA9B184DEE43}.Debug|x86.Build.0 = Debug|Any CPU
		{B126D5F4-AF26-4ADC-ABFB-BA9B184DEE43}.r64|Any CPU.ActiveCfg = Release|Any CPU
		{B126D5F4-AF26-4ADC-ABFB-BA9B184DEE43}.r64|Any CPU.Build.0 = Release|Any CPU
		{B126D5F4-AF26-4ADC-ABFB-BA9B184DEE43}.r64|Mixed Platforms.ActiveCfg = Release|Any CPU
		{B126D5F4-AF26-4ADC-ABFB-BA9B184DEE43}.r64|Mixed Platforms.Build.0 = Release|Any CPU
		{B126D5F4-AF26-4ADC-ABFB-BA9B184DEE43}.r64|x64.ActiveCfg = Release|Any CPU
		{B126D5F4-AF26-4ADC-ABFB-BA9B184DEE43}.r64|x64.Build.0 = Release|Any CPU
		{B126D5F4-AF26-4ADC-ABFB-BA9B184DEE43}.r64|x86.ActiveCfg = Release|Any CPU
		{B126D5F4-AF26-4ADC-ABFB-BA9B184DEE43}.r64|x86.Build.0 = Release|Any CPU
		{B126D5F4-AF26-4ADC-ABFB-BA9B184DEE43}.r86|Any CPU.ActiveCfg = Release|Any CPU
		{B126D5F4-AF26-4ADC-ABFB-BA9B184DEE43}.r86|Any CPU.Build.0 = Release|Any CPU
		{B126D5F4-AF26-4ADC-ABFB-BA9B184DEE43}.r86|Mixed Platforms.ActiveCfg = Release|Any CPU
		{B126D5F4-AF26-4ADC-ABFB-BA9B184DEE43}.r86|Mixed Platforms.Build.0 = Release|Any CPU
		{B126D5F4-AF26-4ADC-ABFB-BA9B184DEE43}.r86|x64.ActiveCfg = Release|Any CPU
		{B126D5F4-AF26-4ADC-ABFB-BA9B184DEE43}.r86|x64.Build.0 = Release|Any CPU
		{B126D5F4-AF26-4ADC-ABFB-BA9B184DEE43}.r86|x86.ActiveCfg = Release|Any CPU
		{B126D5F4-AF26-4ADC-ABFB-BA9B184DEE43}.r86|x86.Build.0 = Release|Any CPU
		{B126D5F4-AF26-4ADC-ABFB-BA9B184DEE43}.Release|Any CPU.ActiveCfg = Release|Any CPU
		{B126D5F4-AF26-4ADC-ABFB-BA9B184DEE43}.Release|Any CPU.Build.0 = Release|Any CPU
		{B126D5F4-AF26-4ADC-ABFB-BA9B184DEE43}.Release|Mixed Platforms.ActiveCfg = Release|Any CPU
		{B126D5F4-AF26-4ADC-ABFB-BA9B184DEE43}.Release|Mixed Platforms.Build.0 = Release|Any CPU
		{B126D5F4-AF26-4ADC-ABFB-BA9B184DEE43}.Release|x64.ActiveCfg = Release|Any CPU
		{B126D5F4-AF26-4ADC-ABFB-BA9B184DEE43}.Release|x64.Build.0 = Release|Any CPU
		{B126D5F4-AF26-4ADC-ABFB-BA9B184DEE43}.Release|x86.ActiveCfg = Release|Any CPU
		{B126D5F4-AF26-4ADC-ABFB-BA9B184DEE43}.Release|x86.Build.0 = Release|Any CPU
		{7E42264C-059B-41F5-9EC0-066B549849E3}.arm|Any CPU.ActiveCfg = Release|Any CPU
		{7E42264C-059B-41F5-9EC0-066B549849E3}.arm|Any CPU.Build.0 = Release|Any CPU
		{7E42264C-059B-41F5-9EC0-066B549849E3}.arm|Mixed Platforms.ActiveCfg = Release|Any CPU
		{7E42264C-059B-41F5-9EC0-066B549849E3}.arm|Mixed Platforms.Build.0 = Release|Any CPU
		{7E42264C-059B-41F5-9EC0-066B549849E3}.arm|x64.ActiveCfg = Release|Any CPU
		{7E42264C-059B-41F5-9EC0-066B549849E3}.arm|x64.Build.0 = Release|Any CPU
		{7E42264C-059B-41F5-9EC0-066B549849E3}.arm|x86.ActiveCfg = Release|Any CPU
		{7E42264C-059B-41F5-9EC0-066B549849E3}.arm|x86.Build.0 = Release|Any CPU
		{7E42264C-059B-41F5-9EC0-066B549849E3}.Debug|Any CPU.ActiveCfg = Debug|Any CPU
		{7E42264C-059B-41F5-9EC0-066B549849E3}.Debug|Any CPU.Build.0 = Debug|Any CPU
		{7E42264C-059B-41F5-9EC0-066B549849E3}.Debug|Mixed Platforms.ActiveCfg = Debug|Any CPU
		{7E42264C-059B-41F5-9EC0-066B549849E3}.Debug|Mixed Platforms.Build.0 = Debug|Any CPU
		{7E42264C-059B-41F5-9EC0-066B549849E3}.Debug|x64.ActiveCfg = Debug|Any CPU
		{7E42264C-059B-41F5-9EC0-066B549849E3}.Debug|x86.ActiveCfg = Debug|Any CPU
		{7E42264C-059B-41F5-9EC0-066B549849E3}.r64|Any CPU.ActiveCfg = Release|Any CPU
		{7E42264C-059B-41F5-9EC0-066B549849E3}.r64|Any CPU.Build.0 = Release|Any CPU
		{7E42264C-059B-41F5-9EC0-066B549849E3}.r64|Mixed Platforms.ActiveCfg = Release|Any CPU
		{7E42264C-059B-41F5-9EC0-066B549849E3}.r64|Mixed Platforms.Build.0 = Release|Any CPU
		{7E42264C-059B-41F5-9EC0-066B549849E3}.r64|x64.ActiveCfg = Release|Any CPU
		{7E42264C-059B-41F5-9EC0-066B549849E3}.r64|x64.Build.0 = Release|Any CPU
		{7E42264C-059B-41F5-9EC0-066B549849E3}.r64|x86.ActiveCfg = Release|Any CPU
		{7E42264C-059B-41F5-9EC0-066B549849E3}.r64|x86.Build.0 = Release|Any CPU
		{7E42264C-059B-41F5-9EC0-066B549849E3}.r86|Any CPU.ActiveCfg = Release|Any CPU
		{7E42264C-059B-41F5-9EC0-066B549849E3}.r86|Any CPU.Build.0 = Release|Any CPU
		{7E42264C-059B-41F5-9EC0-066B549849E3}.r86|Mixed Platforms.ActiveCfg = Release|Any CPU
		{7E42264C-059B-41F5-9EC0-066B549849E3}.r86|Mixed Platforms.Build.0 = Release|Any CPU
		{7E42264C-059B-41F5-9EC0-066B549849E3}.r86|x64.ActiveCfg = Release|Any CPU
		{7E42264C-059B-41F5-9EC0-066B549849E3}.r86|x64.Build.0 = Release|Any CPU
		{7E42264C-059B-41F5-9EC0-066B549849E3}.r86|x86.ActiveCfg = Release|Any CPU
		{7E42264C-059B-41F5-9EC0-066B549849E3}.r86|x86.Build.0 = Release|Any CPU
		{7E42264C-059B-41F5-9EC0-066B549849E3}.Release|Any CPU.ActiveCfg = Release|Any CPU
		{7E42264C-059B-41F5-9EC0-066B549849E3}.Release|Any CPU.Build.0 = Release|Any CPU
		{7E42264C-059B-41F5-9EC0-066B549849E3}.Release|Mixed Platforms.ActiveCfg = Release|Any CPU
		{7E42264C-059B-41F5-9EC0-066B549849E3}.Release|Mixed Platforms.Build.0 = Release|Any CPU
		{7E42264C-059B-41F5-9EC0-066B549849E3}.Release|x64.ActiveCfg = Release|Any CPU
		{7E42264C-059B-41F5-9EC0-066B549849E3}.Release|x86.ActiveCfg = Release|Any CPU
		{40873950-F410-493D-A602-1D9F62758568}.arm|Any CPU.ActiveCfg = Release|Any CPU
		{40873950-F410-493D-A602-1D9F62758568}.arm|Any CPU.Build.0 = Release|Any CPU
		{40873950-F410-493D-A602-1D9F62758568}.arm|Mixed Platforms.ActiveCfg = Release|Any CPU
		{40873950-F410-493D-A602-1D9F62758568}.arm|Mixed Platforms.Build.0 = Release|Any CPU
		{40873950-F410-493D-A602-1D9F62758568}.arm|x64.ActiveCfg = Release|Any CPU
		{40873950-F410-493D-A602-1D9F62758568}.arm|x64.Build.0 = Release|Any CPU
		{40873950-F410-493D-A602-1D9F62758568}.arm|x86.ActiveCfg = Release|Any CPU
		{40873950-F410-493D-A602-1D9F62758568}.arm|x86.Build.0 = Release|Any CPU
		{40873950-F410-493D-A602-1D9F62758568}.Debug|Any CPU.ActiveCfg = Debug|Any CPU
		{40873950-F410-493D-A602-1D9F62758568}.Debug|Any CPU.Build.0 = Debug|Any CPU
		{40873950-F410-493D-A602-1D9F62758568}.Debug|Mixed Platforms.ActiveCfg = Debug|Any CPU
		{40873950-F410-493D-A602-1D9F62758568}.Debug|Mixed Platforms.Build.0 = Debug|Any CPU
		{40873950-F410-493D-A602-1D9F62758568}.Debug|x64.ActiveCfg = Debug|Any CPU
		{40873950-F410-493D-A602-1D9F62758568}.Debug|x86.ActiveCfg = Debug|Any CPU
		{40873950-F410-493D-A602-1D9F62758568}.r64|Any CPU.ActiveCfg = Release|Any CPU
		{40873950-F410-493D-A602-1D9F62758568}.r64|Any CPU.Build.0 = Release|Any CPU
		{40873950-F410-493D-A602-1D9F62758568}.r64|Mixed Platforms.ActiveCfg = Release|Any CPU
		{40873950-F410-493D-A602-1D9F62758568}.r64|Mixed Platforms.Build.0 = Release|Any CPU
		{40873950-F410-493D-A602-1D9F62758568}.r64|x64.ActiveCfg = Release|Any CPU
		{40873950-F410-493D-A602-1D9F62758568}.r64|x64.Build.0 = Release|Any CPU
		{40873950-F410-493D-A602-1D9F62758568}.r64|x86.ActiveCfg = Release|Any CPU
		{40873950-F410-493D-A602-1D9F62758568}.r64|x86.Build.0 = Release|Any CPU
		{40873950-F410-493D-A602-1D9F62758568}.r86|Any CPU.ActiveCfg = Release|Any CPU
		{40873950-F410-493D-A602-1D9F62758568}.r86|Any CPU.Build.0 = Release|Any CPU
		{40873950-F410-493D-A602-1D9F62758568}.r86|Mixed Platforms.ActiveCfg = Release|Any CPU
		{40873950-F410-493D-A602-1D9F62758568}.r86|Mixed Platforms.Build.0 = Release|Any CPU
		{40873950-F410-493D-A602-1D9F62758568}.r86|x64.ActiveCfg = Release|Any CPU
		{40873950-F410-493D-A602-1D9F62758568}.r86|x64.Build.0 = Release|Any CPU
		{40873950-F410-493D-A602-1D9F62758568}.r86|x86.ActiveCfg = Release|Any CPU
		{40873950-F410-493D-A602-1D9F62758568}.r86|x86.Build.0 = Release|Any CPU
		{40873950-F410-493D-A602-1D9F62758568}.Release|Any CPU.ActiveCfg = Release|Any CPU
		{40873950-F410-493D-A602-1D9F62758568}.Release|Any CPU.Build.0 = Release|Any CPU
		{40873950-F410-493D-A602-1D9F62758568}.Release|Mixed Platforms.ActiveCfg = Release|Any CPU
		{40873950-F410-493D-A602-1D9F62758568}.Release|Mixed Platforms.Build.0 = Release|Any CPU
		{40873950-F410-493D-A602-1D9F62758568}.Release|x64.ActiveCfg = Release|Any CPU
		{40873950-F410-493D-A602-1D9F62758568}.Release|x86.ActiveCfg = Release|Any CPU
		{E5F83E8F-8049-417A-A5B3-E481721E4F4C}.arm|Any CPU.ActiveCfg = Release|Any CPU
		{E5F83E8F-8049-417A-A5B3-E481721E4F4C}.arm|Any CPU.Build.0 = Release|Any CPU
		{E5F83E8F-8049-417A-A5B3-E481721E4F4C}.arm|Mixed Platforms.ActiveCfg = Release|Any CPU
		{E5F83E8F-8049-417A-A5B3-E481721E4F4C}.arm|Mixed Platforms.Build.0 = Release|Any CPU
		{E5F83E8F-8049-417A-A5B3-E481721E4F4C}.arm|x64.ActiveCfg = Release|Any CPU
		{E5F83E8F-8049-417A-A5B3-E481721E4F4C}.arm|x64.Build.0 = Release|Any CPU
		{E5F83E8F-8049-417A-A5B3-E481721E4F4C}.arm|x86.ActiveCfg = Release|Any CPU
		{E5F83E8F-8049-417A-A5B3-E481721E4F4C}.arm|x86.Build.0 = Release|Any CPU
		{E5F83E8F-8049-417A-A5B3-E481721E4F4C}.Debug|Any CPU.ActiveCfg = Debug|Any CPU
		{E5F83E8F-8049-417A-A5B3-E481721E4F4C}.Debug|Any CPU.Build.0 = Debug|Any CPU
		{E5F83E8F-8049-417A-A5B3-E481721E4F4C}.Debug|Mixed Platforms.ActiveCfg = Debug|Any CPU
		{E5F83E8F-8049-417A-A5B3-E481721E4F4C}.Debug|Mixed Platforms.Build.0 = Debug|Any CPU
		{E5F83E8F-8049-417A-A5B3-E481721E4F4C}.Debug|x64.ActiveCfg = Debug|Any CPU
		{E5F83E8F-8049-417A-A5B3-E481721E4F4C}.Debug|x64.Build.0 = Debug|Any CPU
		{E5F83E8F-8049-417A-A5B3-E481721E4F4C}.Debug|x86.ActiveCfg = Debug|Any CPU
		{E5F83E8F-8049-417A-A5B3-E481721E4F4C}.Debug|x86.Build.0 = Debug|Any CPU
		{E5F83E8F-8049-417A-A5B3-E481721E4F4C}.r64|Any CPU.ActiveCfg = Release|Any CPU
		{E5F83E8F-8049-417A-A5B3-E481721E4F4C}.r64|Any CPU.Build.0 = Release|Any CPU
		{E5F83E8F-8049-417A-A5B3-E481721E4F4C}.r64|Mixed Platforms.ActiveCfg = Release|Any CPU
		{E5F83E8F-8049-417A-A5B3-E481721E4F4C}.r64|Mixed Platforms.Build.0 = Release|Any CPU
		{E5F83E8F-8049-417A-A5B3-E481721E4F4C}.r64|x64.ActiveCfg = Release|Any CPU
		{E5F83E8F-8049-417A-A5B3-E481721E4F4C}.r64|x64.Build.0 = Release|Any CPU
		{E5F83E8F-8049-417A-A5B3-E481721E4F4C}.r64|x86.ActiveCfg = Release|Any CPU
		{E5F83E8F-8049-417A-A5B3-E481721E4F4C}.r64|x86.Build.0 = Release|Any CPU
		{E5F83E8F-8049-417A-A5B3-E481721E4F4C}.r86|Any CPU.ActiveCfg = Release|Any CPU
		{E5F83E8F-8049-417A-A5B3-E481721E4F4C}.r86|Any CPU.Build.0 = Release|Any CPU
		{E5F83E8F-8049-417A-A5B3-E481721E4F4C}.r86|Mixed Platforms.ActiveCfg = Release|Any CPU
		{E5F83E8F-8049-417A-A5B3-E481721E4F4C}.r86|Mixed Platforms.Build.0 = Release|Any CPU
		{E5F83E8F-8049-417A-A5B3-E481721E4F4C}.r86|x64.ActiveCfg = Release|Any CPU
		{E5F83E8F-8049-417A-A5B3-E481721E4F4C}.r86|x64.Build.0 = Release|Any CPU
		{E5F83E8F-8049-417A-A5B3-E481721E4F4C}.r86|x86.ActiveCfg = Release|Any CPU
		{E5F83E8F-8049-417A-A5B3-E481721E4F4C}.r86|x86.Build.0 = Release|Any CPU
		{E5F83E8F-8049-417A-A5B3-E481721E4F4C}.Release|Any CPU.ActiveCfg = Release|Any CPU
		{E5F83E8F-8049-417A-A5B3-E481721E4F4C}.Release|Any CPU.Build.0 = Release|Any CPU
		{E5F83E8F-8049-417A-A5B3-E481721E4F4C}.Release|Mixed Platforms.ActiveCfg = Release|Any CPU
		{E5F83E8F-8049-417A-A5B3-E481721E4F4C}.Release|Mixed Platforms.Build.0 = Release|Any CPU
		{E5F83E8F-8049-417A-A5B3-E481721E4F4C}.Release|x64.ActiveCfg = Release|Any CPU
		{E5F83E8F-8049-417A-A5B3-E481721E4F4C}.Release|x64.Build.0 = Release|Any CPU
		{E5F83E8F-8049-417A-A5B3-E481721E4F4C}.Release|x86.ActiveCfg = Release|Any CPU
		{E5F83E8F-8049-417A-A5B3-E481721E4F4C}.Release|x86.Build.0 = Release|Any CPU
		{F6B750F1-AA0A-479C-B09C-DEBADC23EA7D}.arm|Any CPU.ActiveCfg = Release|Any CPU
		{F6B750F1-AA0A-479C-B09C-DEBADC23EA7D}.arm|Any CPU.Build.0 = Release|Any CPU
		{F6B750F1-AA0A-479C-B09C-DEBADC23EA7D}.arm|Mixed Platforms.ActiveCfg = Release|Any CPU
		{F6B750F1-AA0A-479C-B09C-DEBADC23EA7D}.arm|Mixed Platforms.Build.0 = Release|Any CPU
		{F6B750F1-AA0A-479C-B09C-DEBADC23EA7D}.arm|x64.ActiveCfg = Release|Any CPU
		{F6B750F1-AA0A-479C-B09C-DEBADC23EA7D}.arm|x64.Build.0 = Release|Any CPU
		{F6B750F1-AA0A-479C-B09C-DEBADC23EA7D}.arm|x86.ActiveCfg = Release|Any CPU
		{F6B750F1-AA0A-479C-B09C-DEBADC23EA7D}.arm|x86.Build.0 = Release|Any CPU
		{F6B750F1-AA0A-479C-B09C-DEBADC23EA7D}.Debug|Any CPU.ActiveCfg = Debug|Any CPU
		{F6B750F1-AA0A-479C-B09C-DEBADC23EA7D}.Debug|Any CPU.Build.0 = Debug|Any CPU
		{F6B750F1-AA0A-479C-B09C-DEBADC23EA7D}.Debug|Mixed Platforms.ActiveCfg = Debug|Any CPU
		{F6B750F1-AA0A-479C-B09C-DEBADC23EA7D}.Debug|Mixed Platforms.Build.0 = Debug|Any CPU
		{F6B750F1-AA0A-479C-B09C-DEBADC23EA7D}.Debug|x64.ActiveCfg = Debug|Any CPU
		{F6B750F1-AA0A-479C-B09C-DEBADC23EA7D}.Debug|x64.Build.0 = Debug|Any CPU
		{F6B750F1-AA0A-479C-B09C-DEBADC23EA7D}.Debug|x86.ActiveCfg = Debug|Any CPU
		{F6B750F1-AA0A-479C-B09C-DEBADC23EA7D}.Debug|x86.Build.0 = Debug|Any CPU
		{F6B750F1-AA0A-479C-B09C-DEBADC23EA7D}.r64|Any CPU.ActiveCfg = Release|Any CPU
		{F6B750F1-AA0A-479C-B09C-DEBADC23EA7D}.r64|Any CPU.Build.0 = Release|Any CPU
		{F6B750F1-AA0A-479C-B09C-DEBADC23EA7D}.r64|Mixed Platforms.ActiveCfg = Release|Any CPU
		{F6B750F1-AA0A-479C-B09C-DEBADC23EA7D}.r64|Mixed Platforms.Build.0 = Release|Any CPU
		{F6B750F1-AA0A-479C-B09C-DEBADC23EA7D}.r64|x64.ActiveCfg = Release|Any CPU
		{F6B750F1-AA0A-479C-B09C-DEBADC23EA7D}.r64|x64.Build.0 = Release|Any CPU
		{F6B750F1-AA0A-479C-B09C-DEBADC23EA7D}.r64|x86.ActiveCfg = Release|Any CPU
		{F6B750F1-AA0A-479C-B09C-DEBADC23EA7D}.r64|x86.Build.0 = Release|Any CPU
		{F6B750F1-AA0A-479C-B09C-DEBADC23EA7D}.r86|Any CPU.ActiveCfg = Release|Any CPU
		{F6B750F1-AA0A-479C-B09C-DEBADC23EA7D}.r86|Any CPU.Build.0 = Release|Any CPU
		{F6B750F1-AA0A-479C-B09C-DEBADC23EA7D}.r86|Mixed Platforms.ActiveCfg = Release|Any CPU
		{F6B750F1-AA0A-479C-B09C-DEBADC23EA7D}.r86|Mixed Platforms.Build.0 = Release|Any CPU
		{F6B750F1-AA0A-479C-B09C-DEBADC23EA7D}.r86|x64.ActiveCfg = Release|Any CPU
		{F6B750F1-AA0A-479C-B09C-DEBADC23EA7D}.r86|x64.Build.0 = Release|Any CPU
		{F6B750F1-AA0A-479C-B09C-DEBADC23EA7D}.r86|x86.ActiveCfg = Release|Any CPU
		{F6B750F1-AA0A-479C-B09C-DEBADC23EA7D}.r86|x86.Build.0 = Release|Any CPU
		{F6B750F1-AA0A-479C-B09C-DEBADC23EA7D}.Release|Any CPU.ActiveCfg = Release|Any CPU
		{F6B750F1-AA0A-479C-B09C-DEBADC23EA7D}.Release|Any CPU.Build.0 = Release|Any CPU
		{F6B750F1-AA0A-479C-B09C-DEBADC23EA7D}.Release|Mixed Platforms.ActiveCfg = Release|Any CPU
		{F6B750F1-AA0A-479C-B09C-DEBADC23EA7D}.Release|Mixed Platforms.Build.0 = Release|Any CPU
		{F6B750F1-AA0A-479C-B09C-DEBADC23EA7D}.Release|x64.ActiveCfg = Release|Any CPU
		{F6B750F1-AA0A-479C-B09C-DEBADC23EA7D}.Release|x64.Build.0 = Release|Any CPU
		{F6B750F1-AA0A-479C-B09C-DEBADC23EA7D}.Release|x86.ActiveCfg = Release|Any CPU
		{F6B750F1-AA0A-479C-B09C-DEBADC23EA7D}.Release|x86.Build.0 = Release|Any CPU
		{7887EFFF-6070-43C7-AE0D-F7F14F3A4E89}.arm|Any CPU.ActiveCfg = Release|Any CPU
		{7887EFFF-6070-43C7-AE0D-F7F14F3A4E89}.arm|Any CPU.Build.0 = Release|Any CPU
		{7887EFFF-6070-43C7-AE0D-F7F14F3A4E89}.arm|Mixed Platforms.ActiveCfg = Release|Any CPU
		{7887EFFF-6070-43C7-AE0D-F7F14F3A4E89}.arm|Mixed Platforms.Build.0 = Release|Any CPU
		{7887EFFF-6070-43C7-AE0D-F7F14F3A4E89}.arm|x64.ActiveCfg = Release|Any CPU
		{7887EFFF-6070-43C7-AE0D-F7F14F3A4E89}.arm|x64.Build.0 = Release|Any CPU
		{7887EFFF-6070-43C7-AE0D-F7F14F3A4E89}.arm|x86.ActiveCfg = Release|Any CPU
		{7887EFFF-6070-43C7-AE0D-F7F14F3A4E89}.arm|x86.Build.0 = Release|Any CPU
		{7887EFFF-6070-43C7-AE0D-F7F14F3A4E89}.Debug|Any CPU.ActiveCfg = Debug|Any CPU
		{7887EFFF-6070-43C7-AE0D-F7F14F3A4E89}.Debug|Any CPU.Build.0 = Debug|Any CPU
		{7887EFFF-6070-43C7-AE0D-F7F14F3A4E89}.Debug|Mixed Platforms.ActiveCfg = Debug|Any CPU
		{7887EFFF-6070-43C7-AE0D-F7F14F3A4E89}.Debug|Mixed Platforms.Build.0 = Debug|Any CPU
		{7887EFFF-6070-43C7-AE0D-F7F14F3A4E89}.Debug|x64.ActiveCfg = Debug|Any CPU
		{7887EFFF-6070-43C7-AE0D-F7F14F3A4E89}.Debug|x64.Build.0 = Debug|Any CPU
		{7887EFFF-6070-43C7-AE0D-F7F14F3A4E89}.Debug|x86.ActiveCfg = Debug|Any CPU
		{7887EFFF-6070-43C7-AE0D-F7F14F3A4E89}.Debug|x86.Build.0 = Debug|Any CPU
		{7887EFFF-6070-43C7-AE0D-F7F14F3A4E89}.r64|Any CPU.ActiveCfg = Release|Any CPU
		{7887EFFF-6070-43C7-AE0D-F7F14F3A4E89}.r64|Any CPU.Build.0 = Release|Any CPU
		{7887EFFF-6070-43C7-AE0D-F7F14F3A4E89}.r64|Mixed Platforms.ActiveCfg = Release|Any CPU
		{7887EFFF-6070-43C7-AE0D-F7F14F3A4E89}.r64|Mixed Platforms.Build.0 = Release|Any CPU
		{7887EFFF-6070-43C7-AE0D-F7F14F3A4E89}.r64|x64.ActiveCfg = Release|Any CPU
		{7887EFFF-6070-43C7-AE0D-F7F14F3A4E89}.r64|x64.Build.0 = Release|Any CPU
		{7887EFFF-6070-43C7-AE0D-F7F14F3A4E89}.r64|x86.ActiveCfg = Release|Any CPU
		{7887EFFF-6070-43C7-AE0D-F7F14F3A4E89}.r64|x86.Build.0 = Release|Any CPU
		{7887EFFF-6070-43C7-AE0D-F7F14F3A4E89}.r86|Any CPU.ActiveCfg = Release|Any CPU
		{7887EFFF-6070-43C7-AE0D-F7F14F3A4E89}.r86|Any CPU.Build.0 = Release|Any CPU
		{7887EFFF-6070-43C7-AE0D-F7F14F3A4E89}.r86|Mixed Platforms.ActiveCfg = Release|Any CPU
		{7887EFFF-6070-43C7-AE0D-F7F14F3A4E89}.r86|Mixed Platforms.Build.0 = Release|Any CPU
		{7887EFFF-6070-43C7-AE0D-F7F14F3A4E89}.r86|x64.ActiveCfg = Release|Any CPU
		{7887EFFF-6070-43C7-AE0D-F7F14F3A4E89}.r86|x64.Build.0 = Release|Any CPU
		{7887EFFF-6070-43C7-AE0D-F7F14F3A4E89}.r86|x86.ActiveCfg = Release|Any CPU
		{7887EFFF-6070-43C7-AE0D-F7F14F3A4E89}.r86|x86.Build.0 = Release|Any CPU
		{7887EFFF-6070-43C7-AE0D-F7F14F3A4E89}.Release|Any CPU.ActiveCfg = Release|Any CPU
		{7887EFFF-6070-43C7-AE0D-F7F14F3A4E89}.Release|Any CPU.Build.0 = Release|Any CPU
		{7887EFFF-6070-43C7-AE0D-F7F14F3A4E89}.Release|Mixed Platforms.ActiveCfg = Release|Any CPU
		{7887EFFF-6070-43C7-AE0D-F7F14F3A4E89}.Release|Mixed Platforms.Build.0 = Release|Any CPU
		{7887EFFF-6070-43C7-AE0D-F7F14F3A4E89}.Release|x64.ActiveCfg = Release|Any CPU
		{7887EFFF-6070-43C7-AE0D-F7F14F3A4E89}.Release|x64.Build.0 = Release|Any CPU
		{7887EFFF-6070-43C7-AE0D-F7F14F3A4E89}.Release|x86.ActiveCfg = Release|Any CPU
		{7887EFFF-6070-43C7-AE0D-F7F14F3A4E89}.Release|x86.Build.0 = Release|Any CPU
		{5440D38B-6108-49C2-8A09-48817E731031}.arm|Any CPU.ActiveCfg = Release|Any CPU
		{5440D38B-6108-49C2-8A09-48817E731031}.arm|Any CPU.Build.0 = Release|Any CPU
		{5440D38B-6108-49C2-8A09-48817E731031}.arm|Mixed Platforms.ActiveCfg = Release|Any CPU
		{5440D38B-6108-49C2-8A09-48817E731031}.arm|Mixed Platforms.Build.0 = Release|Any CPU
		{5440D38B-6108-49C2-8A09-48817E731031}.arm|x64.ActiveCfg = Release|Any CPU
		{5440D38B-6108-49C2-8A09-48817E731031}.arm|x64.Build.0 = Release|Any CPU
		{5440D38B-6108-49C2-8A09-48817E731031}.arm|x86.ActiveCfg = Release|Any CPU
		{5440D38B-6108-49C2-8A09-48817E731031}.arm|x86.Build.0 = Release|Any CPU
		{5440D38B-6108-49C2-8A09-48817E731031}.Debug|Any CPU.ActiveCfg = Debug|Any CPU
		{5440D38B-6108-49C2-8A09-48817E731031}.Debug|Any CPU.Build.0 = Debug|Any CPU
		{5440D38B-6108-49C2-8A09-48817E731031}.Debug|Mixed Platforms.ActiveCfg = Debug|Any CPU
		{5440D38B-6108-49C2-8A09-48817E731031}.Debug|Mixed Platforms.Build.0 = Debug|Any CPU
		{5440D38B-6108-49C2-8A09-48817E731031}.Debug|x64.ActiveCfg = Debug|Any CPU
		{5440D38B-6108-49C2-8A09-48817E731031}.Debug|x64.Build.0 = Debug|Any CPU
		{5440D38B-6108-49C2-8A09-48817E731031}.Debug|x86.ActiveCfg = Debug|Any CPU
		{5440D38B-6108-49C2-8A09-48817E731031}.Debug|x86.Build.0 = Debug|Any CPU
		{5440D38B-6108-49C2-8A09-48817E731031}.r64|Any CPU.ActiveCfg = Release|Any CPU
		{5440D38B-6108-49C2-8A09-48817E731031}.r64|Any CPU.Build.0 = Release|Any CPU
		{5440D38B-6108-49C2-8A09-48817E731031}.r64|Mixed Platforms.ActiveCfg = Release|Any CPU
		{5440D38B-6108-49C2-8A09-48817E731031}.r64|Mixed Platforms.Build.0 = Release|Any CPU
		{5440D38B-6108-49C2-8A09-48817E731031}.r64|x64.ActiveCfg = Release|Any CPU
		{5440D38B-6108-49C2-8A09-48817E731031}.r64|x64.Build.0 = Release|Any CPU
		{5440D38B-6108-49C2-8A09-48817E731031}.r64|x86.ActiveCfg = Release|Any CPU
		{5440D38B-6108-49C2-8A09-48817E731031}.r64|x86.Build.0 = Release|Any CPU
		{5440D38B-6108-49C2-8A09-48817E731031}.r86|Any CPU.ActiveCfg = Release|Any CPU
		{5440D38B-6108-49C2-8A09-48817E731031}.r86|Any CPU.Build.0 = Release|Any CPU
		{5440D38B-6108-49C2-8A09-48817E731031}.r86|Mixed Platforms.ActiveCfg = Release|Any CPU
		{5440D38B-6108-49C2-8A09-48817E731031}.r86|Mixed Platforms.Build.0 = Release|Any CPU
		{5440D38B-6108-49C2-8A09-48817E731031}.r86|x64.ActiveCfg = Release|Any CPU
		{5440D38B-6108-49C2-8A09-48817E731031}.r86|x64.Build.0 = Release|Any CPU
		{5440D38B-6108-49C2-8A09-48817E731031}.r86|x86.ActiveCfg = Release|Any CPU
		{5440D38B-6108-49C2-8A09-48817E731031}.r86|x86.Build.0 = Release|Any CPU
		{5440D38B-6108-49C2-8A09-48817E731031}.Release|Any CPU.ActiveCfg = Release|Any CPU
		{5440D38B-6108-49C2-8A09-48817E731031}.Release|Any CPU.Build.0 = Release|Any CPU
		{5440D38B-6108-49C2-8A09-48817E731031}.Release|Mixed Platforms.ActiveCfg = Release|Any CPU
		{5440D38B-6108-49C2-8A09-48817E731031}.Release|Mixed Platforms.Build.0 = Release|Any CPU
		{5440D38B-6108-49C2-8A09-48817E731031}.Release|x64.ActiveCfg = Release|Any CPU
		{5440D38B-6108-49C2-8A09-48817E731031}.Release|x64.Build.0 = Release|Any CPU
		{5440D38B-6108-49C2-8A09-48817E731031}.Release|x86.ActiveCfg = Release|Any CPU
		{5440D38B-6108-49C2-8A09-48817E731031}.Release|x86.Build.0 = Release|Any CPU
		{3F17908E-CE39-491E-80A7-58A212D3E82B}.arm|Any CPU.ActiveCfg = Release|Any CPU
		{3F17908E-CE39-491E-80A7-58A212D3E82B}.arm|Any CPU.Build.0 = Release|Any CPU
		{3F17908E-CE39-491E-80A7-58A212D3E82B}.arm|Mixed Platforms.ActiveCfg = Release|Any CPU
		{3F17908E-CE39-491E-80A7-58A212D3E82B}.arm|Mixed Platforms.Build.0 = Release|Any CPU
		{3F17908E-CE39-491E-80A7-58A212D3E82B}.arm|x64.ActiveCfg = Release|Any CPU
		{3F17908E-CE39-491E-80A7-58A212D3E82B}.arm|x64.Build.0 = Release|Any CPU
		{3F17908E-CE39-491E-80A7-58A212D3E82B}.arm|x86.ActiveCfg = Release|Any CPU
		{3F17908E-CE39-491E-80A7-58A212D3E82B}.arm|x86.Build.0 = Release|Any CPU
		{3F17908E-CE39-491E-80A7-58A212D3E82B}.Debug|Any CPU.ActiveCfg = Debug|Any CPU
		{3F17908E-CE39-491E-80A7-58A212D3E82B}.Debug|Any CPU.Build.0 = Debug|Any CPU
		{3F17908E-CE39-491E-80A7-58A212D3E82B}.Debug|Mixed Platforms.ActiveCfg = Debug|Any CPU
		{3F17908E-CE39-491E-80A7-58A212D3E82B}.Debug|Mixed Platforms.Build.0 = Debug|Any CPU
		{3F17908E-CE39-491E-80A7-58A212D3E82B}.Debug|x64.ActiveCfg = Debug|Any CPU
		{3F17908E-CE39-491E-80A7-58A212D3E82B}.Debug|x64.Build.0 = Debug|Any CPU
		{3F17908E-CE39-491E-80A7-58A212D3E82B}.Debug|x86.ActiveCfg = Debug|Any CPU
		{3F17908E-CE39-491E-80A7-58A212D3E82B}.Debug|x86.Build.0 = Debug|Any CPU
		{3F17908E-CE39-491E-80A7-58A212D3E82B}.r64|Any CPU.ActiveCfg = Release|Any CPU
		{3F17908E-CE39-491E-80A7-58A212D3E82B}.r64|Any CPU.Build.0 = Release|Any CPU
		{3F17908E-CE39-491E-80A7-58A212D3E82B}.r64|Mixed Platforms.ActiveCfg = Release|Any CPU
		{3F17908E-CE39-491E-80A7-58A212D3E82B}.r64|Mixed Platforms.Build.0 = Release|Any CPU
		{3F17908E-CE39-491E-80A7-58A212D3E82B}.r64|x64.ActiveCfg = Release|Any CPU
		{3F17908E-CE39-491E-80A7-58A212D3E82B}.r64|x64.Build.0 = Release|Any CPU
		{3F17908E-CE39-491E-80A7-58A212D3E82B}.r64|x86.ActiveCfg = Release|Any CPU
		{3F17908E-CE39-491E-80A7-58A212D3E82B}.r64|x86.Build.0 = Release|Any CPU
		{3F17908E-CE39-491E-80A7-58A212D3E82B}.r86|Any CPU.ActiveCfg = Release|Any CPU
		{3F17908E-CE39-491E-80A7-58A212D3E82B}.r86|Any CPU.Build.0 = Release|Any CPU
		{3F17908E-CE39-491E-80A7-58A212D3E82B}.r86|Mixed Platforms.ActiveCfg = Release|Any CPU
		{3F17908E-CE39-491E-80A7-58A212D3E82B}.r86|Mixed Platforms.Build.0 = Release|Any CPU
		{3F17908E-CE39-491E-80A7-58A212D3E82B}.r86|x64.ActiveCfg = Release|Any CPU
		{3F17908E-CE39-491E-80A7-58A212D3E82B}.r86|x64.Build.0 = Release|Any CPU
		{3F17908E-CE39-491E-80A7-58A212D3E82B}.r86|x86.ActiveCfg = Release|Any CPU
		{3F17908E-CE39-491E-80A7-58A212D3E82B}.r86|x86.Build.0 = Release|Any CPU
		{3F17908E-CE39-491E-80A7-58A212D3E82B}.Release|Any CPU.ActiveCfg = Release|Any CPU
		{3F17908E-CE39-491E-80A7-58A212D3E82B}.Release|Any CPU.Build.0 = Release|Any CPU
		{3F17908E-CE39-491E-80A7-58A212D3E82B}.Release|Mixed Platforms.ActiveCfg = Release|Any CPU
		{3F17908E-CE39-491E-80A7-58A212D3E82B}.Release|Mixed Platforms.Build.0 = Release|Any CPU
		{3F17908E-CE39-491E-80A7-58A212D3E82B}.Release|x64.ActiveCfg = Release|Any CPU
		{3F17908E-CE39-491E-80A7-58A212D3E82B}.Release|x64.Build.0 = Release|Any CPU
		{3F17908E-CE39-491E-80A7-58A212D3E82B}.Release|x86.ActiveCfg = Release|Any CPU
		{3F17908E-CE39-491E-80A7-58A212D3E82B}.Release|x86.Build.0 = Release|Any CPU
		{7FC45DC7-F7D3-408B-8150-F31BD800DC10}.arm|Any CPU.ActiveCfg = Release|Any CPU
		{7FC45DC7-F7D3-408B-8150-F31BD800DC10}.arm|Any CPU.Build.0 = Release|Any CPU
		{7FC45DC7-F7D3-408B-8150-F31BD800DC10}.arm|Mixed Platforms.ActiveCfg = Release|Any CPU
		{7FC45DC7-F7D3-408B-8150-F31BD800DC10}.arm|Mixed Platforms.Build.0 = Release|Any CPU
		{7FC45DC7-F7D3-408B-8150-F31BD800DC10}.arm|x64.ActiveCfg = Release|Any CPU
		{7FC45DC7-F7D3-408B-8150-F31BD800DC10}.arm|x64.Build.0 = Release|Any CPU
		{7FC45DC7-F7D3-408B-8150-F31BD800DC10}.arm|x86.ActiveCfg = Release|Any CPU
		{7FC45DC7-F7D3-408B-8150-F31BD800DC10}.arm|x86.Build.0 = Release|Any CPU
		{7FC45DC7-F7D3-408B-8150-F31BD800DC10}.Debug|Any CPU.ActiveCfg = Debug|Any CPU
		{7FC45DC7-F7D3-408B-8150-F31BD800DC10}.Debug|Any CPU.Build.0 = Debug|Any CPU
		{7FC45DC7-F7D3-408B-8150-F31BD800DC10}.Debug|Mixed Platforms.ActiveCfg = Debug|Any CPU
		{7FC45DC7-F7D3-408B-8150-F31BD800DC10}.Debug|Mixed Platforms.Build.0 = Debug|Any CPU
		{7FC45DC7-F7D3-408B-8150-F31BD800DC10}.Debug|x64.ActiveCfg = Debug|Any CPU
		{7FC45DC7-F7D3-408B-8150-F31BD800DC10}.Debug|x64.Build.0 = Debug|Any CPU
		{7FC45DC7-F7D3-408B-8150-F31BD800DC10}.Debug|x86.ActiveCfg = Debug|Any CPU
		{7FC45DC7-F7D3-408B-8150-F31BD800DC10}.Debug|x86.Build.0 = Debug|Any CPU
		{7FC45DC7-F7D3-408B-8150-F31BD800DC10}.r64|Any CPU.ActiveCfg = Release|Any CPU
		{7FC45DC7-F7D3-408B-8150-F31BD800DC10}.r64|Any CPU.Build.0 = Release|Any CPU
		{7FC45DC7-F7D3-408B-8150-F31BD800DC10}.r64|Mixed Platforms.ActiveCfg = Release|Any CPU
		{7FC45DC7-F7D3-408B-8150-F31BD800DC10}.r64|Mixed Platforms.Build.0 = Release|Any CPU
		{7FC45DC7-F7D3-408B-8150-F31BD800DC10}.r64|x64.ActiveCfg = Release|Any CPU
		{7FC45DC7-F7D3-408B-8150-F31BD800DC10}.r64|x64.Build.0 = Release|Any CPU
		{7FC45DC7-F7D3-408B-8150-F31BD800DC10}.r64|x86.ActiveCfg = Release|Any CPU
		{7FC45DC7-F7D3-408B-8150-F31BD800DC10}.r64|x86.Build.0 = Release|Any CPU
		{7FC45DC7-F7D3-408B-8150-F31BD800DC10}.r86|Any CPU.ActiveCfg = Release|Any CPU
		{7FC45DC7-F7D3-408B-8150-F31BD800DC10}.r86|Any CPU.Build.0 = Release|Any CPU
		{7FC45DC7-F7D3-408B-8150-F31BD800DC10}.r86|Mixed Platforms.ActiveCfg = Release|Any CPU
		{7FC45DC7-F7D3-408B-8150-F31BD800DC10}.r86|Mixed Platforms.Build.0 = Release|Any CPU
		{7FC45DC7-F7D3-408B-8150-F31BD800DC10}.r86|x64.ActiveCfg = Release|Any CPU
		{7FC45DC7-F7D3-408B-8150-F31BD800DC10}.r86|x64.Build.0 = Release|Any CPU
		{7FC45DC7-F7D3-408B-8150-F31BD800DC10}.r86|x86.ActiveCfg = Release|Any CPU
		{7FC45DC7-F7D3-408B-8150-F31BD800DC10}.r86|x86.Build.0 = Release|Any CPU
		{7FC45DC7-F7D3-408B-8150-F31BD800DC10}.Release|Any CPU.ActiveCfg = Release|Any CPU
		{7FC45DC7-F7D3-408B-8150-F31BD800DC10}.Release|Any CPU.Build.0 = Release|Any CPU
		{7FC45DC7-F7D3-408B-8150-F31BD800DC10}.Release|Mixed Platforms.ActiveCfg = Release|Any CPU
		{7FC45DC7-F7D3-408B-8150-F31BD800DC10}.Release|Mixed Platforms.Build.0 = Release|Any CPU
		{7FC45DC7-F7D3-408B-8150-F31BD800DC10}.Release|x64.ActiveCfg = Release|Any CPU
		{7FC45DC7-F7D3-408B-8150-F31BD800DC10}.Release|x64.Build.0 = Release|Any CPU
		{7FC45DC7-F7D3-408B-8150-F31BD800DC10}.Release|x86.ActiveCfg = Release|Any CPU
		{7FC45DC7-F7D3-408B-8150-F31BD800DC10}.Release|x86.Build.0 = Release|Any CPU
		{D447642C-A85F-4AB0-96D9-C66CFF91AADA}.arm|Any CPU.ActiveCfg = Release|Any CPU
		{D447642C-A85F-4AB0-96D9-C66CFF91AADA}.arm|Any CPU.Build.0 = Release|Any CPU
		{D447642C-A85F-4AB0-96D9-C66CFF91AADA}.arm|Mixed Platforms.ActiveCfg = Release|Any CPU
		{D447642C-A85F-4AB0-96D9-C66CFF91AADA}.arm|Mixed Platforms.Build.0 = Release|Any CPU
		{D447642C-A85F-4AB0-96D9-C66CFF91AADA}.arm|x64.ActiveCfg = Release|Any CPU
		{D447642C-A85F-4AB0-96D9-C66CFF91AADA}.arm|x64.Build.0 = Release|Any CPU
		{D447642C-A85F-4AB0-96D9-C66CFF91AADA}.arm|x86.ActiveCfg = Release|Any CPU
		{D447642C-A85F-4AB0-96D9-C66CFF91AADA}.arm|x86.Build.0 = Release|Any CPU
		{D447642C-A85F-4AB0-96D9-C66CFF91AADA}.Debug|Any CPU.ActiveCfg = Debug|Any CPU
		{D447642C-A85F-4AB0-96D9-C66CFF91AADA}.Debug|Any CPU.Build.0 = Debug|Any CPU
		{D447642C-A85F-4AB0-96D9-C66CFF91AADA}.Debug|Mixed Platforms.ActiveCfg = Debug|Any CPU
		{D447642C-A85F-4AB0-96D9-C66CFF91AADA}.Debug|Mixed Platforms.Build.0 = Debug|Any CPU
		{D447642C-A85F-4AB0-96D9-C66CFF91AADA}.Debug|x64.ActiveCfg = Debug|Any CPU
		{D447642C-A85F-4AB0-96D9-C66CFF91AADA}.Debug|x64.Build.0 = Debug|Any CPU
		{D447642C-A85F-4AB0-96D9-C66CFF91AADA}.Debug|x86.ActiveCfg = Debug|Any CPU
		{D447642C-A85F-4AB0-96D9-C66CFF91AADA}.Debug|x86.Build.0 = Debug|Any CPU
		{D447642C-A85F-4AB0-96D9-C66CFF91AADA}.r64|Any CPU.ActiveCfg = Release|Any CPU
		{D447642C-A85F-4AB0-96D9-C66CFF91AADA}.r64|Any CPU.Build.0 = Release|Any CPU
		{D447642C-A85F-4AB0-96D9-C66CFF91AADA}.r64|Mixed Platforms.ActiveCfg = Release|Any CPU
		{D447642C-A85F-4AB0-96D9-C66CFF91AADA}.r64|Mixed Platforms.Build.0 = Release|Any CPU
		{D447642C-A85F-4AB0-96D9-C66CFF91AADA}.r64|x64.ActiveCfg = Release|Any CPU
		{D447642C-A85F-4AB0-96D9-C66CFF91AADA}.r64|x64.Build.0 = Release|Any CPU
		{D447642C-A85F-4AB0-96D9-C66CFF91AADA}.r64|x86.ActiveCfg = Release|Any CPU
		{D447642C-A85F-4AB0-96D9-C66CFF91AADA}.r64|x86.Build.0 = Release|Any CPU
		{D447642C-A85F-4AB0-96D9-C66CFF91AADA}.r86|Any CPU.ActiveCfg = Release|Any CPU
		{D447642C-A85F-4AB0-96D9-C66CFF91AADA}.r86|Any CPU.Build.0 = Release|Any CPU
		{D447642C-A85F-4AB0-96D9-C66CFF91AADA}.r86|Mixed Platforms.ActiveCfg = Release|Any CPU
		{D447642C-A85F-4AB0-96D9-C66CFF91AADA}.r86|Mixed Platforms.Build.0 = Release|Any CPU
		{D447642C-A85F-4AB0-96D9-C66CFF91AADA}.r86|x64.ActiveCfg = Release|Any CPU
		{D447642C-A85F-4AB0-96D9-C66CFF91AADA}.r86|x64.Build.0 = Release|Any CPU
		{D447642C-A85F-4AB0-96D9-C66CFF91AADA}.r86|x86.ActiveCfg = Release|Any CPU
		{D447642C-A85F-4AB0-96D9-C66CFF91AADA}.r86|x86.Build.0 = Release|Any CPU
		{D447642C-A85F-4AB0-96D9-C66CFF91AADA}.Release|Any CPU.ActiveCfg = Release|Any CPU
		{D447642C-A85F-4AB0-96D9-C66CFF91AADA}.Release|Any CPU.Build.0 = Release|Any CPU
		{D447642C-A85F-4AB0-96D9-C66CFF91AADA}.Release|Mixed Platforms.ActiveCfg = Release|Any CPU
		{D447642C-A85F-4AB0-96D9-C66CFF91AADA}.Release|Mixed Platforms.Build.0 = Release|Any CPU
		{D447642C-A85F-4AB0-96D9-C66CFF91AADA}.Release|x64.ActiveCfg = Release|Any CPU
		{D447642C-A85F-4AB0-96D9-C66CFF91AADA}.Release|x64.Build.0 = Release|Any CPU
		{D447642C-A85F-4AB0-96D9-C66CFF91AADA}.Release|x86.ActiveCfg = Release|Any CPU
		{D447642C-A85F-4AB0-96D9-C66CFF91AADA}.Release|x86.Build.0 = Release|Any CPU
		{F261C3D7-6194-4625-9516-044081B06028}.arm|Any CPU.ActiveCfg = Release|Any CPU
		{F261C3D7-6194-4625-9516-044081B06028}.arm|Any CPU.Build.0 = Release|Any CPU
		{F261C3D7-6194-4625-9516-044081B06028}.arm|Mixed Platforms.ActiveCfg = Release|Any CPU
		{F261C3D7-6194-4625-9516-044081B06028}.arm|Mixed Platforms.Build.0 = Release|Any CPU
		{F261C3D7-6194-4625-9516-044081B06028}.arm|x64.ActiveCfg = Release|Any CPU
		{F261C3D7-6194-4625-9516-044081B06028}.arm|x64.Build.0 = Release|Any CPU
		{F261C3D7-6194-4625-9516-044081B06028}.arm|x86.ActiveCfg = Release|Any CPU
		{F261C3D7-6194-4625-9516-044081B06028}.arm|x86.Build.0 = Release|Any CPU
		{F261C3D7-6194-4625-9516-044081B06028}.Debug|Any CPU.ActiveCfg = Debug|Any CPU
		{F261C3D7-6194-4625-9516-044081B06028}.Debug|Any CPU.Build.0 = Debug|Any CPU
		{F261C3D7-6194-4625-9516-044081B06028}.Debug|Mixed Platforms.ActiveCfg = Debug|Any CPU
		{F261C3D7-6194-4625-9516-044081B06028}.Debug|Mixed Platforms.Build.0 = Debug|Any CPU
		{F261C3D7-6194-4625-9516-044081B06028}.Debug|x64.ActiveCfg = Debug|Any CPU
		{F261C3D7-6194-4625-9516-044081B06028}.Debug|x64.Build.0 = Debug|Any CPU
		{F261C3D7-6194-4625-9516-044081B06028}.Debug|x86.ActiveCfg = Debug|Any CPU
		{F261C3D7-6194-4625-9516-044081B06028}.Debug|x86.Build.0 = Debug|Any CPU
		{F261C3D7-6194-4625-9516-044081B06028}.r64|Any CPU.ActiveCfg = Release|Any CPU
		{F261C3D7-6194-4625-9516-044081B06028}.r64|Any CPU.Build.0 = Release|Any CPU
		{F261C3D7-6194-4625-9516-044081B06028}.r64|Mixed Platforms.ActiveCfg = Release|Any CPU
		{F261C3D7-6194-4625-9516-044081B06028}.r64|Mixed Platforms.Build.0 = Release|Any CPU
		{F261C3D7-6194-4625-9516-044081B06028}.r64|x64.ActiveCfg = Release|Any CPU
		{F261C3D7-6194-4625-9516-044081B06028}.r64|x64.Build.0 = Release|Any CPU
		{F261C3D7-6194-4625-9516-044081B06028}.r64|x86.ActiveCfg = Release|Any CPU
		{F261C3D7-6194-4625-9516-044081B06028}.r64|x86.Build.0 = Release|Any CPU
		{F261C3D7-6194-4625-9516-044081B06028}.r86|Any CPU.ActiveCfg = Release|Any CPU
		{F261C3D7-6194-4625-9516-044081B06028}.r86|Any CPU.Build.0 = Release|Any CPU
		{F261C3D7-6194-4625-9516-044081B06028}.r86|Mixed Platforms.ActiveCfg = Release|Any CPU
		{F261C3D7-6194-4625-9516-044081B06028}.r86|Mixed Platforms.Build.0 = Release|Any CPU
		{F261C3D7-6194-4625-9516-044081B06028}.r86|x64.ActiveCfg = Release|Any CPU
		{F261C3D7-6194-4625-9516-044081B06028}.r86|x64.Build.0 = Release|Any CPU
		{F261C3D7-6194-4625-9516-044081B06028}.r86|x86.ActiveCfg = Release|Any CPU
		{F261C3D7-6194-4625-9516-044081B06028}.r86|x86.Build.0 = Release|Any CPU
		{F261C3D7-6194-4625-9516-044081B06028}.Release|Any CPU.ActiveCfg = Release|Any CPU
		{F261C3D7-6194-4625-9516-044081B06028}.Release|Any CPU.Build.0 = Release|Any CPU
		{F261C3D7-6194-4625-9516-044081B06028}.Release|Mixed Platforms.ActiveCfg = Release|Any CPU
		{F261C3D7-6194-4625-9516-044081B06028}.Release|Mixed Platforms.Build.0 = Release|Any CPU
		{F261C3D7-6194-4625-9516-044081B06028}.Release|x64.ActiveCfg = Release|Any CPU
		{F261C3D7-6194-4625-9516-044081B06028}.Release|x64.Build.0 = Release|Any CPU
		{F261C3D7-6194-4625-9516-044081B06028}.Release|x86.ActiveCfg = Release|Any CPU
		{F261C3D7-6194-4625-9516-044081B06028}.Release|x86.Build.0 = Release|Any CPU
		{45E67C4F-88DF-4617-ACB1-B54C5DBF8390}.arm|Any CPU.ActiveCfg = Release|Any CPU
		{45E67C4F-88DF-4617-ACB1-B54C5DBF8390}.arm|Any CPU.Build.0 = Release|Any CPU
		{45E67C4F-88DF-4617-ACB1-B54C5DBF8390}.arm|Mixed Platforms.ActiveCfg = Release|Any CPU
		{45E67C4F-88DF-4617-ACB1-B54C5DBF8390}.arm|Mixed Platforms.Build.0 = Release|Any CPU
		{45E67C4F-88DF-4617-ACB1-B54C5DBF8390}.arm|x64.ActiveCfg = Release|Any CPU
		{45E67C4F-88DF-4617-ACB1-B54C5DBF8390}.arm|x64.Build.0 = Release|Any CPU
		{45E67C4F-88DF-4617-ACB1-B54C5DBF8390}.arm|x86.ActiveCfg = Release|Any CPU
		{45E67C4F-88DF-4617-ACB1-B54C5DBF8390}.arm|x86.Build.0 = Release|Any CPU
		{45E67C4F-88DF-4617-ACB1-B54C5DBF8390}.Debug|Any CPU.ActiveCfg = Debug|Any CPU
		{45E67C4F-88DF-4617-ACB1-B54C5DBF8390}.Debug|Any CPU.Build.0 = Debug|Any CPU
		{45E67C4F-88DF-4617-ACB1-B54C5DBF8390}.Debug|Mixed Platforms.ActiveCfg = Debug|Any CPU
		{45E67C4F-88DF-4617-ACB1-B54C5DBF8390}.Debug|Mixed Platforms.Build.0 = Debug|Any CPU
		{45E67C4F-88DF-4617-ACB1-B54C5DBF8390}.Debug|x64.ActiveCfg = Debug|Any CPU
		{45E67C4F-88DF-4617-ACB1-B54C5DBF8390}.Debug|x64.Build.0 = Debug|Any CPU
		{45E67C4F-88DF-4617-ACB1-B54C5DBF8390}.Debug|x86.ActiveCfg = Debug|Any CPU
		{45E67C4F-88DF-4617-ACB1-B54C5DBF8390}.Debug|x86.Build.0 = Debug|Any CPU
		{45E67C4F-88DF-4617-ACB1-B54C5DBF8390}.r64|Any CPU.ActiveCfg = Release|Any CPU
		{45E67C4F-88DF-4617-ACB1-B54C5DBF8390}.r64|Any CPU.Build.0 = Release|Any CPU
		{45E67C4F-88DF-4617-ACB1-B54C5DBF8390}.r64|Mixed Platforms.ActiveCfg = Release|Any CPU
		{45E67C4F-88DF-4617-ACB1-B54C5DBF8390}.r64|Mixed Platforms.Build.0 = Release|Any CPU
		{45E67C4F-88DF-4617-ACB1-B54C5DBF8390}.r64|x64.ActiveCfg = Release|Any CPU
		{45E67C4F-88DF-4617-ACB1-B54C5DBF8390}.r64|x64.Build.0 = Release|Any CPU
		{45E67C4F-88DF-4617-ACB1-B54C5DBF8390}.r64|x86.ActiveCfg = Release|Any CPU
		{45E67C4F-88DF-4617-ACB1-B54C5DBF8390}.r64|x86.Build.0 = Release|Any CPU
		{45E67C4F-88DF-4617-ACB1-B54C5DBF8390}.r86|Any CPU.ActiveCfg = Release|Any CPU
		{45E67C4F-88DF-4617-ACB1-B54C5DBF8390}.r86|Any CPU.Build.0 = Release|Any CPU
		{45E67C4F-88DF-4617-ACB1-B54C5DBF8390}.r86|Mixed Platforms.ActiveCfg = Release|Any CPU
		{45E67C4F-88DF-4617-ACB1-B54C5DBF8390}.r86|Mixed Platforms.Build.0 = Release|Any CPU
		{45E67C4F-88DF-4617-ACB1-B54C5DBF8390}.r86|x64.ActiveCfg = Release|Any CPU
		{45E67C4F-88DF-4617-ACB1-B54C5DBF8390}.r86|x64.Build.0 = Release|Any CPU
		{45E67C4F-88DF-4617-ACB1-B54C5DBF8390}.r86|x86.ActiveCfg = Release|Any CPU
		{45E67C4F-88DF-4617-ACB1-B54C5DBF8390}.r86|x86.Build.0 = Release|Any CPU
		{45E67C4F-88DF-4617-ACB1-B54C5DBF8390}.Release|Any CPU.ActiveCfg = Release|Any CPU
		{45E67C4F-88DF-4617-ACB1-B54C5DBF8390}.Release|Any CPU.Build.0 = Release|Any CPU
		{45E67C4F-88DF-4617-ACB1-B54C5DBF8390}.Release|Mixed Platforms.ActiveCfg = Release|Any CPU
		{45E67C4F-88DF-4617-ACB1-B54C5DBF8390}.Release|Mixed Platforms.Build.0 = Release|Any CPU
		{45E67C4F-88DF-4617-ACB1-B54C5DBF8390}.Release|x64.ActiveCfg = Release|Any CPU
		{45E67C4F-88DF-4617-ACB1-B54C5DBF8390}.Release|x64.Build.0 = Release|Any CPU
		{45E67C4F-88DF-4617-ACB1-B54C5DBF8390}.Release|x86.ActiveCfg = Release|Any CPU
		{45E67C4F-88DF-4617-ACB1-B54C5DBF8390}.Release|x86.Build.0 = Release|Any CPU
		{4D253423-AE05-47F6-A59D-9162EC0BB1F2}.arm|Any CPU.ActiveCfg = Release|Any CPU
		{4D253423-AE05-47F6-A59D-9162EC0BB1F2}.arm|Any CPU.Build.0 = Release|Any CPU
		{4D253423-AE05-47F6-A59D-9162EC0BB1F2}.arm|Mixed Platforms.ActiveCfg = Release|Any CPU
		{4D253423-AE05-47F6-A59D-9162EC0BB1F2}.arm|Mixed Platforms.Build.0 = Release|Any CPU
		{4D253423-AE05-47F6-A59D-9162EC0BB1F2}.arm|x64.ActiveCfg = Release|Any CPU
		{4D253423-AE05-47F6-A59D-9162EC0BB1F2}.arm|x64.Build.0 = Release|Any CPU
		{4D253423-AE05-47F6-A59D-9162EC0BB1F2}.arm|x86.ActiveCfg = Release|Any CPU
		{4D253423-AE05-47F6-A59D-9162EC0BB1F2}.arm|x86.Build.0 = Release|Any CPU
		{4D253423-AE05-47F6-A59D-9162EC0BB1F2}.Debug|Any CPU.ActiveCfg = Debug|Any CPU
		{4D253423-AE05-47F6-A59D-9162EC0BB1F2}.Debug|Any CPU.Build.0 = Debug|Any CPU
		{4D253423-AE05-47F6-A59D-9162EC0BB1F2}.Debug|Mixed Platforms.ActiveCfg = Debug|Any CPU
		{4D253423-AE05-47F6-A59D-9162EC0BB1F2}.Debug|Mixed Platforms.Build.0 = Debug|Any CPU
		{4D253423-AE05-47F6-A59D-9162EC0BB1F2}.Debug|x64.ActiveCfg = Debug|Any CPU
		{4D253423-AE05-47F6-A59D-9162EC0BB1F2}.Debug|x64.Build.0 = Debug|Any CPU
		{4D253423-AE05-47F6-A59D-9162EC0BB1F2}.Debug|x86.ActiveCfg = Debug|Any CPU
		{4D253423-AE05-47F6-A59D-9162EC0BB1F2}.Debug|x86.Build.0 = Debug|Any CPU
		{4D253423-AE05-47F6-A59D-9162EC0BB1F2}.r64|Any CPU.ActiveCfg = Release|Any CPU
		{4D253423-AE05-47F6-A59D-9162EC0BB1F2}.r64|Any CPU.Build.0 = Release|Any CPU
		{4D253423-AE05-47F6-A59D-9162EC0BB1F2}.r64|Mixed Platforms.ActiveCfg = Release|Any CPU
		{4D253423-AE05-47F6-A59D-9162EC0BB1F2}.r64|Mixed Platforms.Build.0 = Release|Any CPU
		{4D253423-AE05-47F6-A59D-9162EC0BB1F2}.r64|x64.ActiveCfg = Release|Any CPU
		{4D253423-AE05-47F6-A59D-9162EC0BB1F2}.r64|x64.Build.0 = Release|Any CPU
		{4D253423-AE05-47F6-A59D-9162EC0BB1F2}.r64|x86.ActiveCfg = Release|Any CPU
		{4D253423-AE05-47F6-A59D-9162EC0BB1F2}.r64|x86.Build.0 = Release|Any CPU
		{4D253423-AE05-47F6-A59D-9162EC0BB1F2}.r86|Any CPU.ActiveCfg = Release|Any CPU
		{4D253423-AE05-47F6-A59D-9162EC0BB1F2}.r86|Any CPU.Build.0 = Release|Any CPU
		{4D253423-AE05-47F6-A59D-9162EC0BB1F2}.r86|Mixed Platforms.ActiveCfg = Release|Any CPU
		{4D253423-AE05-47F6-A59D-9162EC0BB1F2}.r86|Mixed Platforms.Build.0 = Release|Any CPU
		{4D253423-AE05-47F6-A59D-9162EC0BB1F2}.r86|x64.ActiveCfg = Release|Any CPU
		{4D253423-AE05-47F6-A59D-9162EC0BB1F2}.r86|x64.Build.0 = Release|Any CPU
		{4D253423-AE05-47F6-A59D-9162EC0BB1F2}.r86|x86.ActiveCfg = Release|Any CPU
		{4D253423-AE05-47F6-A59D-9162EC0BB1F2}.r86|x86.Build.0 = Release|Any CPU
		{4D253423-AE05-47F6-A59D-9162EC0BB1F2}.Release|Any CPU.ActiveCfg = Release|Any CPU
		{4D253423-AE05-47F6-A59D-9162EC0BB1F2}.Release|Any CPU.Build.0 = Release|Any CPU
		{4D253423-AE05-47F6-A59D-9162EC0BB1F2}.Release|Mixed Platforms.ActiveCfg = Release|Any CPU
		{4D253423-AE05-47F6-A59D-9162EC0BB1F2}.Release|Mixed Platforms.Build.0 = Release|Any CPU
		{4D253423-AE05-47F6-A59D-9162EC0BB1F2}.Release|x64.ActiveCfg = Release|Any CPU
		{4D253423-AE05-47F6-A59D-9162EC0BB1F2}.Release|x64.Build.0 = Release|Any CPU
		{4D253423-AE05-47F6-A59D-9162EC0BB1F2}.Release|x86.ActiveCfg = Release|Any CPU
		{4D253423-AE05-47F6-A59D-9162EC0BB1F2}.Release|x86.Build.0 = Release|Any CPU
		{C096B7FB-D0D0-49B8-8A77-180176BBC9B8}.arm|Any CPU.ActiveCfg = arm|Any CPU
		{C096B7FB-D0D0-49B8-8A77-180176BBC9B8}.arm|Any CPU.Build.0 = arm|Any CPU
		{C096B7FB-D0D0-49B8-8A77-180176BBC9B8}.arm|Mixed Platforms.ActiveCfg = arm|Any CPU
		{C096B7FB-D0D0-49B8-8A77-180176BBC9B8}.arm|Mixed Platforms.Build.0 = arm|Any CPU
		{C096B7FB-D0D0-49B8-8A77-180176BBC9B8}.arm|x64.ActiveCfg = arm|Any CPU
		{C096B7FB-D0D0-49B8-8A77-180176BBC9B8}.arm|x64.Build.0 = arm|Any CPU
		{C096B7FB-D0D0-49B8-8A77-180176BBC9B8}.arm|x86.ActiveCfg = arm|Any CPU
		{C096B7FB-D0D0-49B8-8A77-180176BBC9B8}.arm|x86.Build.0 = arm|Any CPU
		{C096B7FB-D0D0-49B8-8A77-180176BBC9B8}.Debug|Any CPU.ActiveCfg = Debug|Any CPU
		{C096B7FB-D0D0-49B8-8A77-180176BBC9B8}.Debug|Any CPU.Build.0 = Debug|Any CPU
		{C096B7FB-D0D0-49B8-8A77-180176BBC9B8}.Debug|Mixed Platforms.ActiveCfg = Debug|Any CPU
		{C096B7FB-D0D0-49B8-8A77-180176BBC9B8}.Debug|Mixed Platforms.Build.0 = Debug|Any CPU
		{C096B7FB-D0D0-49B8-8A77-180176BBC9B8}.Debug|x64.ActiveCfg = Debug|Any CPU
		{C096B7FB-D0D0-49B8-8A77-180176BBC9B8}.Debug|x64.Build.0 = Debug|Any CPU
		{C096B7FB-D0D0-49B8-8A77-180176BBC9B8}.Debug|x86.ActiveCfg = Debug|Any CPU
		{C096B7FB-D0D0-49B8-8A77-180176BBC9B8}.Debug|x86.Build.0 = Debug|Any CPU
		{C096B7FB-D0D0-49B8-8A77-180176BBC9B8}.r64|Any CPU.ActiveCfg = r64|Any CPU
		{C096B7FB-D0D0-49B8-8A77-180176BBC9B8}.r64|Any CPU.Build.0 = r64|Any CPU
		{C096B7FB-D0D0-49B8-8A77-180176BBC9B8}.r64|Mixed Platforms.ActiveCfg = r64|Any CPU
		{C096B7FB-D0D0-49B8-8A77-180176BBC9B8}.r64|Mixed Platforms.Build.0 = r64|Any CPU
		{C096B7FB-D0D0-49B8-8A77-180176BBC9B8}.r64|x64.ActiveCfg = r64|Any CPU
		{C096B7FB-D0D0-49B8-8A77-180176BBC9B8}.r64|x64.Build.0 = r64|Any CPU
		{C096B7FB-D0D0-49B8-8A77-180176BBC9B8}.r64|x86.ActiveCfg = r64|Any CPU
		{C096B7FB-D0D0-49B8-8A77-180176BBC9B8}.r64|x86.Build.0 = r64|Any CPU
		{C096B7FB-D0D0-49B8-8A77-180176BBC9B8}.r86|Any CPU.ActiveCfg = r86|Any CPU
		{C096B7FB-D0D0-49B8-8A77-180176BBC9B8}.r86|Any CPU.Build.0 = r86|Any CPU
		{C096B7FB-D0D0-49B8-8A77-180176BBC9B8}.r86|Mixed Platforms.ActiveCfg = r86|Any CPU
		{C096B7FB-D0D0-49B8-8A77-180176BBC9B8}.r86|Mixed Platforms.Build.0 = r86|Any CPU
		{C096B7FB-D0D0-49B8-8A77-180176BBC9B8}.r86|x64.ActiveCfg = r86|Any CPU
		{C096B7FB-D0D0-49B8-8A77-180176BBC9B8}.r86|x64.Build.0 = r86|Any CPU
		{C096B7FB-D0D0-49B8-8A77-180176BBC9B8}.r86|x86.ActiveCfg = r86|Any CPU
		{C096B7FB-D0D0-49B8-8A77-180176BBC9B8}.r86|x86.Build.0 = r86|Any CPU
		{C096B7FB-D0D0-49B8-8A77-180176BBC9B8}.Release|Any CPU.ActiveCfg = Release|Any CPU
		{C096B7FB-D0D0-49B8-8A77-180176BBC9B8}.Release|Any CPU.Build.0 = Release|Any CPU
		{C096B7FB-D0D0-49B8-8A77-180176BBC9B8}.Release|Mixed Platforms.ActiveCfg = Release|Any CPU
		{C096B7FB-D0D0-49B8-8A77-180176BBC9B8}.Release|Mixed Platforms.Build.0 = Release|Any CPU
		{C096B7FB-D0D0-49B8-8A77-180176BBC9B8}.Release|x64.ActiveCfg = Release|Any CPU
		{C096B7FB-D0D0-49B8-8A77-180176BBC9B8}.Release|x64.Build.0 = Release|Any CPU
		{C096B7FB-D0D0-49B8-8A77-180176BBC9B8}.Release|x86.ActiveCfg = Release|Any CPU
		{C096B7FB-D0D0-49B8-8A77-180176BBC9B8}.Release|x86.Build.0 = Release|Any CPU
		{EF739C4C-5F5D-42B7-BEB0-7AE0AEECC2A8}.arm|Any CPU.ActiveCfg = Release|Any CPU
		{EF739C4C-5F5D-42B7-BEB0-7AE0AEECC2A8}.arm|Any CPU.Build.0 = Release|Any CPU
		{EF739C4C-5F5D-42B7-BEB0-7AE0AEECC2A8}.arm|Mixed Platforms.ActiveCfg = Release|Any CPU
		{EF739C4C-5F5D-42B7-BEB0-7AE0AEECC2A8}.arm|Mixed Platforms.Build.0 = Release|Any CPU
		{EF739C4C-5F5D-42B7-BEB0-7AE0AEECC2A8}.arm|x64.ActiveCfg = Release|Any CPU
		{EF739C4C-5F5D-42B7-BEB0-7AE0AEECC2A8}.arm|x64.Build.0 = Release|Any CPU
		{EF739C4C-5F5D-42B7-BEB0-7AE0AEECC2A8}.arm|x86.ActiveCfg = Release|Any CPU
		{EF739C4C-5F5D-42B7-BEB0-7AE0AEECC2A8}.arm|x86.Build.0 = Release|Any CPU
		{EF739C4C-5F5D-42B7-BEB0-7AE0AEECC2A8}.Debug|Any CPU.ActiveCfg = Debug|Any CPU
		{EF739C4C-5F5D-42B7-BEB0-7AE0AEECC2A8}.Debug|Any CPU.Build.0 = Debug|Any CPU
		{EF739C4C-5F5D-42B7-BEB0-7AE0AEECC2A8}.Debug|Mixed Platforms.ActiveCfg = Debug|Any CPU
		{EF739C4C-5F5D-42B7-BEB0-7AE0AEECC2A8}.Debug|Mixed Platforms.Build.0 = Debug|Any CPU
		{EF739C4C-5F5D-42B7-BEB0-7AE0AEECC2A8}.Debug|x64.ActiveCfg = Debug|Any CPU
		{EF739C4C-5F5D-42B7-BEB0-7AE0AEECC2A8}.Debug|x64.Build.0 = Debug|Any CPU
		{EF739C4C-5F5D-42B7-BEB0-7AE0AEECC2A8}.Debug|x86.ActiveCfg = Debug|Any CPU
		{EF739C4C-5F5D-42B7-BEB0-7AE0AEECC2A8}.Debug|x86.Build.0 = Debug|Any CPU
		{EF739C4C-5F5D-42B7-BEB0-7AE0AEECC2A8}.r64|Any CPU.ActiveCfg = Release|Any CPU
		{EF739C4C-5F5D-42B7-BEB0-7AE0AEECC2A8}.r64|Any CPU.Build.0 = Release|Any CPU
		{EF739C4C-5F5D-42B7-BEB0-7AE0AEECC2A8}.r64|Mixed Platforms.ActiveCfg = Release|Any CPU
		{EF739C4C-5F5D-42B7-BEB0-7AE0AEECC2A8}.r64|Mixed Platforms.Build.0 = Release|Any CPU
		{EF739C4C-5F5D-42B7-BEB0-7AE0AEECC2A8}.r64|x64.ActiveCfg = Release|Any CPU
		{EF739C4C-5F5D-42B7-BEB0-7AE0AEECC2A8}.r64|x64.Build.0 = Release|Any CPU
		{EF739C4C-5F5D-42B7-BEB0-7AE0AEECC2A8}.r64|x86.ActiveCfg = Release|Any CPU
		{EF739C4C-5F5D-42B7-BEB0-7AE0AEECC2A8}.r64|x86.Build.0 = Release|Any CPU
		{EF739C4C-5F5D-42B7-BEB0-7AE0AEECC2A8}.r86|Any CPU.ActiveCfg = Release|Any CPU
		{EF739C4C-5F5D-42B7-BEB0-7AE0AEECC2A8}.r86|Any CPU.Build.0 = Release|Any CPU
		{EF739C4C-5F5D-42B7-BEB0-7AE0AEECC2A8}.r86|Mixed Platforms.ActiveCfg = Release|Any CPU
		{EF739C4C-5F5D-42B7-BEB0-7AE0AEECC2A8}.r86|Mixed Platforms.Build.0 = Release|Any CPU
		{EF739C4C-5F5D-42B7-BEB0-7AE0AEECC2A8}.r86|x64.ActiveCfg = Release|Any CPU
		{EF739C4C-5F5D-42B7-BEB0-7AE0AEECC2A8}.r86|x64.Build.0 = Release|Any CPU
		{EF739C4C-5F5D-42B7-BEB0-7AE0AEECC2A8}.r86|x86.ActiveCfg = Release|Any CPU
		{EF739C4C-5F5D-42B7-BEB0-7AE0AEECC2A8}.r86|x86.Build.0 = Release|Any CPU
		{EF739C4C-5F5D-42B7-BEB0-7AE0AEECC2A8}.Release|Any CPU.ActiveCfg = Release|Any CPU
		{EF739C4C-5F5D-42B7-BEB0-7AE0AEECC2A8}.Release|Any CPU.Build.0 = Release|Any CPU
		{EF739C4C-5F5D-42B7-BEB0-7AE0AEECC2A8}.Release|Mixed Platforms.ActiveCfg = Release|Any CPU
		{EF739C4C-5F5D-42B7-BEB0-7AE0AEECC2A8}.Release|Mixed Platforms.Build.0 = Release|Any CPU
		{EF739C4C-5F5D-42B7-BEB0-7AE0AEECC2A8}.Release|x64.ActiveCfg = Release|Any CPU
		{EF739C4C-5F5D-42B7-BEB0-7AE0AEECC2A8}.Release|x64.Build.0 = Release|Any CPU
		{EF739C4C-5F5D-42B7-BEB0-7AE0AEECC2A8}.Release|x86.ActiveCfg = Release|Any CPU
		{EF739C4C-5F5D-42B7-BEB0-7AE0AEECC2A8}.Release|x86.Build.0 = Release|Any CPU
		{96C776C5-9F12-4A1C-99D5-144E468F8172}.arm|Any CPU.ActiveCfg = Release|Any CPU
		{96C776C5-9F12-4A1C-99D5-144E468F8172}.arm|Any CPU.Build.0 = Release|Any CPU
		{96C776C5-9F12-4A1C-99D5-144E468F8172}.arm|Mixed Platforms.ActiveCfg = Release|Any CPU
		{96C776C5-9F12-4A1C-99D5-144E468F8172}.arm|Mixed Platforms.Build.0 = Release|Any CPU
		{96C776C5-9F12-4A1C-99D5-144E468F8172}.arm|x64.ActiveCfg = Release|Any CPU
		{96C776C5-9F12-4A1C-99D5-144E468F8172}.arm|x64.Build.0 = Release|Any CPU
		{96C776C5-9F12-4A1C-99D5-144E468F8172}.arm|x86.ActiveCfg = Release|Any CPU
		{96C776C5-9F12-4A1C-99D5-144E468F8172}.arm|x86.Build.0 = Release|Any CPU
		{96C776C5-9F12-4A1C-99D5-144E468F8172}.Debug|Any CPU.ActiveCfg = Debug|Any CPU
		{96C776C5-9F12-4A1C-99D5-144E468F8172}.Debug|Any CPU.Build.0 = Debug|Any CPU
		{96C776C5-9F12-4A1C-99D5-144E468F8172}.Debug|Mixed Platforms.ActiveCfg = Debug|Any CPU
		{96C776C5-9F12-4A1C-99D5-144E468F8172}.Debug|Mixed Platforms.Build.0 = Debug|Any CPU
		{96C776C5-9F12-4A1C-99D5-144E468F8172}.Debug|x64.ActiveCfg = Debug|Any CPU
		{96C776C5-9F12-4A1C-99D5-144E468F8172}.Debug|x64.Build.0 = Debug|Any CPU
		{96C776C5-9F12-4A1C-99D5-144E468F8172}.Debug|x86.ActiveCfg = Debug|Any CPU
		{96C776C5-9F12-4A1C-99D5-144E468F8172}.Debug|x86.Build.0 = Debug|Any CPU
		{96C776C5-9F12-4A1C-99D5-144E468F8172}.r64|Any CPU.ActiveCfg = Release|Any CPU
		{96C776C5-9F12-4A1C-99D5-144E468F8172}.r64|Any CPU.Build.0 = Release|Any CPU
		{96C776C5-9F12-4A1C-99D5-144E468F8172}.r64|Mixed Platforms.ActiveCfg = Release|Any CPU
		{96C776C5-9F12-4A1C-99D5-144E468F8172}.r64|Mixed Platforms.Build.0 = Release|Any CPU
		{96C776C5-9F12-4A1C-99D5-144E468F8172}.r64|x64.ActiveCfg = Release|Any CPU
		{96C776C5-9F12-4A1C-99D5-144E468F8172}.r64|x64.Build.0 = Release|Any CPU
		{96C776C5-9F12-4A1C-99D5-144E468F8172}.r64|x86.ActiveCfg = Release|Any CPU
		{96C776C5-9F12-4A1C-99D5-144E468F8172}.r64|x86.Build.0 = Release|Any CPU
		{96C776C5-9F12-4A1C-99D5-144E468F8172}.r86|Any CPU.ActiveCfg = Release|Any CPU
		{96C776C5-9F12-4A1C-99D5-144E468F8172}.r86|Any CPU.Build.0 = Release|Any CPU
		{96C776C5-9F12-4A1C-99D5-144E468F8172}.r86|Mixed Platforms.ActiveCfg = Release|Any CPU
		{96C776C5-9F12-4A1C-99D5-144E468F8172}.r86|Mixed Platforms.Build.0 = Release|Any CPU
		{96C776C5-9F12-4A1C-99D5-144E468F8172}.r86|x64.ActiveCfg = Release|Any CPU
		{96C776C5-9F12-4A1C-99D5-144E468F8172}.r86|x64.Build.0 = Release|Any CPU
		{96C776C5-9F12-4A1C-99D5-144E468F8172}.r86|x86.ActiveCfg = Release|Any CPU
		{96C776C5-9F12-4A1C-99D5-144E468F8172}.r86|x86.Build.0 = Release|Any CPU
		{96C776C5-9F12-4A1C-99D5-144E468F8172}.Release|Any CPU.ActiveCfg = Release|Any CPU
		{96C776C5-9F12-4A1C-99D5-144E468F8172}.Release|Any CPU.Build.0 = Release|Any CPU
		{96C776C5-9F12-4A1C-99D5-144E468F8172}.Release|Mixed Platforms.ActiveCfg = Release|Any CPU
		{96C776C5-9F12-4A1C-99D5-144E468F8172}.Release|Mixed Platforms.Build.0 = Release|Any CPU
		{96C776C5-9F12-4A1C-99D5-144E468F8172}.Release|x64.ActiveCfg = Release|Any CPU
		{96C776C5-9F12-4A1C-99D5-144E468F8172}.Release|x64.Build.0 = Release|Any CPU
		{96C776C5-9F12-4A1C-99D5-144E468F8172}.Release|x86.ActiveCfg = Release|Any CPU
		{96C776C5-9F12-4A1C-99D5-144E468F8172}.Release|x86.Build.0 = Release|Any CPU
		{3304850E-1BC6-4588-ABCE-666BF378E042}.arm|Any CPU.ActiveCfg = Release|Any CPU
		{3304850E-1BC6-4588-ABCE-666BF378E042}.arm|Any CPU.Build.0 = Release|Any CPU
		{3304850E-1BC6-4588-ABCE-666BF378E042}.arm|Mixed Platforms.ActiveCfg = Release|Any CPU
		{3304850E-1BC6-4588-ABCE-666BF378E042}.arm|Mixed Platforms.Build.0 = Release|Any CPU
		{3304850E-1BC6-4588-ABCE-666BF378E042}.arm|x64.ActiveCfg = Release|Any CPU
		{3304850E-1BC6-4588-ABCE-666BF378E042}.arm|x64.Build.0 = Release|Any CPU
		{3304850E-1BC6-4588-ABCE-666BF378E042}.arm|x86.ActiveCfg = Release|Any CPU
		{3304850E-1BC6-4588-ABCE-666BF378E042}.arm|x86.Build.0 = Release|Any CPU
		{3304850E-1BC6-4588-ABCE-666BF378E042}.Debug|Any CPU.ActiveCfg = Debug|Any CPU
		{3304850E-1BC6-4588-ABCE-666BF378E042}.Debug|Any CPU.Build.0 = Debug|Any CPU
		{3304850E-1BC6-4588-ABCE-666BF378E042}.Debug|Mixed Platforms.ActiveCfg = Debug|Any CPU
		{3304850E-1BC6-4588-ABCE-666BF378E042}.Debug|Mixed Platforms.Build.0 = Debug|Any CPU
		{3304850E-1BC6-4588-ABCE-666BF378E042}.Debug|x64.ActiveCfg = Debug|Any CPU
		{3304850E-1BC6-4588-ABCE-666BF378E042}.Debug|x64.Build.0 = Debug|Any CPU
		{3304850E-1BC6-4588-ABCE-666BF378E042}.Debug|x86.ActiveCfg = Debug|Any CPU
		{3304850E-1BC6-4588-ABCE-666BF378E042}.Debug|x86.Build.0 = Debug|Any CPU
		{3304850E-1BC6-4588-ABCE-666BF378E042}.r64|Any CPU.ActiveCfg = Release|Any CPU
		{3304850E-1BC6-4588-ABCE-666BF378E042}.r64|Any CPU.Build.0 = Release|Any CPU
		{3304850E-1BC6-4588-ABCE-666BF378E042}.r64|Mixed Platforms.ActiveCfg = Release|Any CPU
		{3304850E-1BC6-4588-ABCE-666BF378E042}.r64|Mixed Platforms.Build.0 = Release|Any CPU
		{3304850E-1BC6-4588-ABCE-666BF378E042}.r64|x64.ActiveCfg = Release|Any CPU
		{3304850E-1BC6-4588-ABCE-666BF378E042}.r64|x64.Build.0 = Release|Any CPU
		{3304850E-1BC6-4588-ABCE-666BF378E042}.r64|x86.ActiveCfg = Release|Any CPU
		{3304850E-1BC6-4588-ABCE-666BF378E042}.r64|x86.Build.0 = Release|Any CPU
		{3304850E-1BC6-4588-ABCE-666BF378E042}.r86|Any CPU.ActiveCfg = Release|Any CPU
		{3304850E-1BC6-4588-ABCE-666BF378E042}.r86|Any CPU.Build.0 = Release|Any CPU
		{3304850E-1BC6-4588-ABCE-666BF378E042}.r86|Mixed Platforms.ActiveCfg = Release|Any CPU
		{3304850E-1BC6-4588-ABCE-666BF378E042}.r86|Mixed Platforms.Build.0 = Release|Any CPU
		{3304850E-1BC6-4588-ABCE-666BF378E042}.r86|x64.ActiveCfg = Release|Any CPU
		{3304850E-1BC6-4588-ABCE-666BF378E042}.r86|x64.Build.0 = Release|Any CPU
		{3304850E-1BC6-4588-ABCE-666BF378E042}.r86|x86.ActiveCfg = Release|Any CPU
		{3304850E-1BC6-4588-ABCE-666BF378E042}.r86|x86.Build.0 = Release|Any CPU
		{3304850E-1BC6-4588-ABCE-666BF378E042}.Release|Any CPU.ActiveCfg = Release|Any CPU
		{3304850E-1BC6-4588-ABCE-666BF378E042}.Release|Any CPU.Build.0 = Release|Any CPU
		{3304850E-1BC6-4588-ABCE-666BF378E042}.Release|Mixed Platforms.ActiveCfg = Release|Any CPU
		{3304850E-1BC6-4588-ABCE-666BF378E042}.Release|Mixed Platforms.Build.0 = Release|Any CPU
		{3304850E-1BC6-4588-ABCE-666BF378E042}.Release|x64.ActiveCfg = Release|Any CPU
		{3304850E-1BC6-4588-ABCE-666BF378E042}.Release|x64.Build.0 = Release|Any CPU
		{3304850E-1BC6-4588-ABCE-666BF378E042}.Release|x86.ActiveCfg = Release|Any CPU
		{3304850E-1BC6-4588-ABCE-666BF378E042}.Release|x86.Build.0 = Release|Any CPU
		{4CD16D3A-D3F8-4439-8052-79FED0D5E174}.arm|Any CPU.ActiveCfg = Release|Any CPU
		{4CD16D3A-D3F8-4439-8052-79FED0D5E174}.arm|Any CPU.Build.0 = Release|Any CPU
		{4CD16D3A-D3F8-4439-8052-79FED0D5E174}.arm|Mixed Platforms.ActiveCfg = Release|Any CPU
		{4CD16D3A-D3F8-4439-8052-79FED0D5E174}.arm|Mixed Platforms.Build.0 = Release|Any CPU
		{4CD16D3A-D3F8-4439-8052-79FED0D5E174}.arm|x64.ActiveCfg = Release|Any CPU
		{4CD16D3A-D3F8-4439-8052-79FED0D5E174}.arm|x64.Build.0 = Release|Any CPU
		{4CD16D3A-D3F8-4439-8052-79FED0D5E174}.arm|x86.ActiveCfg = Release|Any CPU
		{4CD16D3A-D3F8-4439-8052-79FED0D5E174}.arm|x86.Build.0 = Release|Any CPU
		{4CD16D3A-D3F8-4439-8052-79FED0D5E174}.Debug|Any CPU.ActiveCfg = Debug|Any CPU
		{4CD16D3A-D3F8-4439-8052-79FED0D5E174}.Debug|Any CPU.Build.0 = Debug|Any CPU
		{4CD16D3A-D3F8-4439-8052-79FED0D5E174}.Debug|Mixed Platforms.ActiveCfg = Debug|Any CPU
		{4CD16D3A-D3F8-4439-8052-79FED0D5E174}.Debug|Mixed Platforms.Build.0 = Debug|Any CPU
		{4CD16D3A-D3F8-4439-8052-79FED0D5E174}.Debug|x64.ActiveCfg = Debug|Any CPU
		{4CD16D3A-D3F8-4439-8052-79FED0D5E174}.Debug|x64.Build.0 = Debug|Any CPU
		{4CD16D3A-D3F8-4439-8052-79FED0D5E174}.Debug|x86.ActiveCfg = Debug|Any CPU
		{4CD16D3A-D3F8-4439-8052-79FED0D5E174}.Debug|x86.Build.0 = Debug|Any CPU
		{4CD16D3A-D3F8-4439-8052-79FED0D5E174}.r64|Any CPU.ActiveCfg = Release|Any CPU
		{4CD16D3A-D3F8-4439-8052-79FED0D5E174}.r64|Any CPU.Build.0 = Release|Any CPU
		{4CD16D3A-D3F8-4439-8052-79FED0D5E174}.r64|Mixed Platforms.ActiveCfg = Release|Any CPU
		{4CD16D3A-D3F8-4439-8052-79FED0D5E174}.r64|Mixed Platforms.Build.0 = Release|Any CPU
		{4CD16D3A-D3F8-4439-8052-79FED0D5E174}.r64|x64.ActiveCfg = Release|Any CPU
		{4CD16D3A-D3F8-4439-8052-79FED0D5E174}.r64|x64.Build.0 = Release|Any CPU
		{4CD16D3A-D3F8-4439-8052-79FED0D5E174}.r64|x86.ActiveCfg = Release|Any CPU
		{4CD16D3A-D3F8-4439-8052-79FED0D5E174}.r64|x86.Build.0 = Release|Any CPU
		{4CD16D3A-D3F8-4439-8052-79FED0D5E174}.r86|Any CPU.ActiveCfg = Release|Any CPU
		{4CD16D3A-D3F8-4439-8052-79FED0D5E174}.r86|Any CPU.Build.0 = Release|Any CPU
		{4CD16D3A-D3F8-4439-8052-79FED0D5E174}.r86|Mixed Platforms.ActiveCfg = Release|Any CPU
		{4CD16D3A-D3F8-4439-8052-79FED0D5E174}.r86|Mixed Platforms.Build.0 = Release|Any CPU
		{4CD16D3A-D3F8-4439-8052-79FED0D5E174}.r86|x64.ActiveCfg = Release|Any CPU
		{4CD16D3A-D3F8-4439-8052-79FED0D5E174}.r86|x64.Build.0 = Release|Any CPU
		{4CD16D3A-D3F8-4439-8052-79FED0D5E174}.r86|x86.ActiveCfg = Release|Any CPU
		{4CD16D3A-D3F8-4439-8052-79FED0D5E174}.r86|x86.Build.0 = Release|Any CPU
		{4CD16D3A-D3F8-4439-8052-79FED0D5E174}.Release|Any CPU.ActiveCfg = Release|Any CPU
		{4CD16D3A-D3F8-4439-8052-79FED0D5E174}.Release|Any CPU.Build.0 = Release|Any CPU
		{4CD16D3A-D3F8-4439-8052-79FED0D5E174}.Release|Mixed Platforms.ActiveCfg = Release|Any CPU
		{4CD16D3A-D3F8-4439-8052-79FED0D5E174}.Release|Mixed Platforms.Build.0 = Release|Any CPU
		{4CD16D3A-D3F8-4439-8052-79FED0D5E174}.Release|x64.ActiveCfg = Release|Any CPU
		{4CD16D3A-D3F8-4439-8052-79FED0D5E174}.Release|x64.Build.0 = Release|Any CPU
		{4CD16D3A-D3F8-4439-8052-79FED0D5E174}.Release|x86.ActiveCfg = Release|Any CPU
		{4CD16D3A-D3F8-4439-8052-79FED0D5E174}.Release|x86.Build.0 = Release|Any CPU
	EndGlobalSection
	GlobalSection(SolutionProperties) = preSolution
		HideSolutionNode = FALSE
	EndGlobalSection
	GlobalSection(NestedProjects) = preSolution
		{E5F83E8F-8049-417A-A5B3-E481721E4F4C} = {775054FA-32D6-4F90-BB75-CCE644803AEA}
		{F6B750F1-AA0A-479C-B09C-DEBADC23EA7D} = {775054FA-32D6-4F90-BB75-CCE644803AEA}
		{7FF6EB18-45D7-431A-98B0-7A1CB9663E4E} = {775054FA-32D6-4F90-BB75-CCE644803AEA}
		{E1D241F9-CAAE-4F93-BBC1-AED7250390BD} = {7FF6EB18-45D7-431A-98B0-7A1CB9663E4E}
		{7887EFFF-6070-43C7-AE0D-F7F14F3A4E89} = {E1D241F9-CAAE-4F93-BBC1-AED7250390BD}
		{5440D38B-6108-49C2-8A09-48817E731031} = {E1D241F9-CAAE-4F93-BBC1-AED7250390BD}
		{7FC45DC7-F7D3-408B-8150-F31BD800DC10} = {26412F98-3119-4C6F-9DF7-7029B9C4633B}
		{8EEA59DD-3477-4438-B9AF-691C5B4EC55A} = {26412F98-3119-4C6F-9DF7-7029B9C4633B}
		{D447642C-A85F-4AB0-96D9-C66CFF91AADA} = {8EEA59DD-3477-4438-B9AF-691C5B4EC55A}
		{F261C3D7-6194-4625-9516-044081B06028} = {8EEA59DD-3477-4438-B9AF-691C5B4EC55A}
		{45E67C4F-88DF-4617-ACB1-B54C5DBF8390} = {8EEA59DD-3477-4438-B9AF-691C5B4EC55A}
		{4D253423-AE05-47F6-A59D-9162EC0BB1F2} = {8EEA59DD-3477-4438-B9AF-691C5B4EC55A}
		{C52E4B6B-4D01-4461-8C0E-E8B22DCAF9F2} = {8EEA59DD-3477-4438-B9AF-691C5B4EC55A}
		{C096B7FB-D0D0-49B8-8A77-180176BBC9B8} = {C52E4B6B-4D01-4461-8C0E-E8B22DCAF9F2}
		{EF739C4C-5F5D-42B7-BEB0-7AE0AEECC2A8} = {059F78E0-6869-4365-8444-DCEC17427F59}
		{96C776C5-9F12-4A1C-99D5-144E468F8172} = {059F78E0-6869-4365-8444-DCEC17427F59}
		{3304850E-1BC6-4588-ABCE-666BF378E042} = {E0099C69-94C7-43F5-9F75-98FD25EC8FB0}
		{E0099C69-94C7-43F5-9F75-98FD25EC8FB0} = {775054FA-32D6-4F90-BB75-CCE644803AEA}
		{4CD16D3A-D3F8-4439-8052-79FED0D5E174} = {E0099C69-94C7-43F5-9F75-98FD25EC8FB0}
	EndGlobalSection
EndGlobal
